
Microsoft Visual Studio Solution File, Format Version 12.00
# Visual Studio 14
VisualStudioVersion = 14.0.25420.1
MinimumVisualStudioVersion = 10.0.40219.1
Project("{FAE04EC0-301F-11D3-BF4B-00C04F79EFBC}") = "People", "People\People\People.csproj", "{50D8D660-8409-49C8-8895-3028BBF665D5}"
EndProject
Project("{FAE04EC0-301F-11D3-BF4B-00C04F79EFBC}") = "People.Droid", "People\People.Droid\People.Droid.csproj", "{7B41227E-486A-4C6C-871C-8A9A1CED1438}"
EndProject
Project("{FAE04EC0-301F-11D3-BF4B-00C04F79EFBC}") = "People.iOS", "People\People.iOS\People.iOS.csproj", "{A72D2B0B-E138-482A-B0DA-941A25E6F312}"
EndProject
Project("{FAE04EC0-301F-11D3-BF4B-00C04F79EFBC}") = "People.WinPhone", "People\People.WinPhone\People.WinPhone.csproj", "{525AD28D-D503-439C-B9A7-88CEC2577AC2}"
EndProject
Project("{FAE04EC0-301F-11D3-BF4B-00C04F79EFBC}") = "People.UWP", "People\People.UWP\People.UWP.csproj", "{25F5CE96-272F-4F37-84BD-4E6688216F1D}"
EndProject
Project("{FAE04EC0-301F-11D3-BF4B-00C04F79EFBC}") = "People.Windows", "People\People.Windows\People.Windows.csproj", "{E6748C80-98A9-4B0A-A6A5-DFD037A32C3F}"
EndProject
Global
	GlobalSection(SolutionConfigurationPlatforms) = preSolution
		Ad-Hoc|Any CPU = Ad-Hoc|Any CPU
		Ad-Hoc|ARM = Ad-Hoc|ARM
		Ad-Hoc|iPhone = Ad-Hoc|iPhone
		Ad-Hoc|iPhoneSimulator = Ad-Hoc|iPhoneSimulator
		Ad-Hoc|x64 = Ad-Hoc|x64
		Ad-Hoc|x86 = Ad-Hoc|x86
		AppStore|Any CPU = AppStore|Any CPU
		AppStore|ARM = AppStore|ARM
		AppStore|iPhone = AppStore|iPhone
		AppStore|iPhoneSimulator = AppStore|iPhoneSimulator
		AppStore|x64 = AppStore|x64
		AppStore|x86 = AppStore|x86
		Debug|Any CPU = Debug|Any CPU
		Debug|ARM = Debug|ARM
		Debug|iPhone = Debug|iPhone
		Debug|iPhoneSimulator = Debug|iPhoneSimulator
		Debug|x64 = Debug|x64
		Debug|x86 = Debug|x86
		Release|Any CPU = Release|Any CPU
		Release|ARM = Release|ARM
		Release|iPhone = Release|iPhone
		Release|iPhoneSimulator = Release|iPhoneSimulator
		Release|x64 = Release|x64
		Release|x86 = Release|x86
	EndGlobalSection
	GlobalSection(ProjectConfigurationPlatforms) = postSolution
		{50D8D660-8409-49C8-8895-3028BBF665D5}.Ad-Hoc|Any CPU.ActiveCfg = Release|Any CPU
		{50D8D660-8409-49C8-8895-3028BBF665D5}.Ad-Hoc|Any CPU.Build.0 = Release|Any CPU
		{50D8D660-8409-49C8-8895-3028BBF665D5}.Ad-Hoc|ARM.ActiveCfg = Release|Any CPU
		{50D8D660-8409-49C8-8895-3028BBF665D5}.Ad-Hoc|ARM.Build.0 = Release|Any CPU
		{50D8D660-8409-49C8-8895-3028BBF665D5}.Ad-Hoc|iPhone.ActiveCfg = Release|Any CPU
		{50D8D660-8409-49C8-8895-3028BBF665D5}.Ad-Hoc|iPhone.Build.0 = Release|Any CPU
		{50D8D660-8409-49C8-8895-3028BBF665D5}.Ad-Hoc|iPhoneSimulator.ActiveCfg = Release|Any CPU
		{50D8D660-8409-49C8-8895-3028BBF665D5}.Ad-Hoc|iPhoneSimulator.Build.0 = Release|Any CPU
		{50D8D660-8409-49C8-8895-3028BBF665D5}.Ad-Hoc|x64.ActiveCfg = Release|Any CPU
		{50D8D660-8409-49C8-8895-3028BBF665D5}.Ad-Hoc|x64.Build.0 = Release|Any CPU
		{50D8D660-8409-49C8-8895-3028BBF665D5}.Ad-Hoc|x86.ActiveCfg = Release|Any CPU
		{50D8D660-8409-49C8-8895-3028BBF665D5}.Ad-Hoc|x86.Build.0 = Release|Any CPU
		{50D8D660-8409-49C8-8895-3028BBF665D5}.AppStore|Any CPU.ActiveCfg = Release|Any CPU
		{50D8D660-8409-49C8-8895-3028BBF665D5}.AppStore|Any CPU.Build.0 = Release|Any CPU
		{50D8D660-8409-49C8-8895-3028BBF665D5}.AppStore|ARM.ActiveCfg = Release|Any CPU
		{50D8D660-8409-49C8-8895-3028BBF665D5}.AppStore|ARM.Build.0 = Release|Any CPU
		{50D8D660-8409-49C8-8895-3028BBF665D5}.AppStore|iPhone.ActiveCfg = Release|Any CPU
		{50D8D660-8409-49C8-8895-3028BBF665D5}.AppStore|iPhone.Build.0 = Release|Any CPU
		{50D8D660-8409-49C8-8895-3028BBF665D5}.AppStore|iPhoneSimulator.ActiveCfg = Release|Any CPU
		{50D8D660-8409-49C8-8895-3028BBF665D5}.AppStore|iPhoneSimulator.Build.0 = Release|Any CPU
		{50D8D660-8409-49C8-8895-3028BBF665D5}.AppStore|x64.ActiveCfg = Release|Any CPU
		{50D8D660-8409-49C8-8895-3028BBF665D5}.AppStore|x64.Build.0 = Release|Any CPU
		{50D8D660-8409-49C8-8895-3028BBF665D5}.AppStore|x86.ActiveCfg = Release|Any CPU
		{50D8D660-8409-49C8-8895-3028BBF665D5}.AppStore|x86.Build.0 = Release|Any CPU
		{50D8D660-8409-49C8-8895-3028BBF665D5}.Debug|Any CPU.ActiveCfg = Debug|Any CPU
		{50D8D660-8409-49C8-8895-3028BBF665D5}.Debug|Any CPU.Build.0 = Debug|Any CPU
		{50D8D660-8409-49C8-8895-3028BBF665D5}.Debug|ARM.ActiveCfg = Debug|Any CPU
		{50D8D660-8409-49C8-8895-3028BBF665D5}.Debug|ARM.Build.0 = Debug|Any CPU
		{50D8D660-8409-49C8-8895-3028BBF665D5}.Debug|iPhone.ActiveCfg = Debug|Any CPU
		{50D8D660-8409-49C8-8895-3028BBF665D5}.Debug|iPhone.Build.0 = Debug|Any CPU
		{50D8D660-8409-49C8-8895-3028BBF665D5}.Debug|iPhoneSimulator.ActiveCfg = Debug|Any CPU
		{50D8D660-8409-49C8-8895-3028BBF665D5}.Debug|iPhoneSimulator.Build.0 = Debug|Any CPU
		{50D8D660-8409-49C8-8895-3028BBF665D5}.Debug|x64.ActiveCfg = Debug|Any CPU
		{50D8D660-8409-49C8-8895-3028BBF665D5}.Debug|x64.Build.0 = Debug|Any CPU
		{50D8D660-8409-49C8-8895-3028BBF665D5}.Debug|x86.ActiveCfg = Debug|Any CPU
		{50D8D660-8409-49C8-8895-3028BBF665D5}.Debug|x86.Build.0 = Debug|Any CPU
		{50D8D660-8409-49C8-8895-3028BBF665D5}.Release|Any CPU.ActiveCfg = Release|Any CPU
		{50D8D660-8409-49C8-8895-3028BBF665D5}.Release|Any CPU.Build.0 = Release|Any CPU
		{50D8D660-8409-49C8-8895-3028BBF665D5}.Release|ARM.ActiveCfg = Release|Any CPU
		{50D8D660-8409-49C8-8895-3028BBF665D5}.Release|ARM.Build.0 = Release|Any CPU
		{50D8D660-8409-49C8-8895-3028BBF665D5}.Release|iPhone.ActiveCfg = Release|Any CPU
		{50D8D660-8409-49C8-8895-3028BBF665D5}.Release|iPhone.Build.0 = Release|Any CPU
		{50D8D660-8409-49C8-8895-3028BBF665D5}.Release|iPhoneSimulator.ActiveCfg = Release|Any CPU
		{50D8D660-8409-49C8-8895-3028BBF665D5}.Release|iPhoneSimulator.Build.0 = Release|Any CPU
		{50D8D660-8409-49C8-8895-3028BBF665D5}.Release|x64.ActiveCfg = Release|Any CPU
		{50D8D660-8409-49C8-8895-3028BBF665D5}.Release|x64.Build.0 = Release|Any CPU
		{50D8D660-8409-49C8-8895-3028BBF665D5}.Release|x86.ActiveCfg = Release|Any CPU
		{50D8D660-8409-49C8-8895-3028BBF665D5}.Release|x86.Build.0 = Release|Any CPU
		{7B41227E-486A-4C6C-871C-8A9A1CED1438}.Ad-Hoc|Any CPU.ActiveCfg = Release|Any CPU
		{7B41227E-486A-4C6C-871C-8A9A1CED1438}.Ad-Hoc|Any CPU.Build.0 = Release|Any CPU
		{7B41227E-486A-4C6C-871C-8A9A1CED1438}.Ad-Hoc|Any CPU.Deploy.0 = Release|Any CPU
		{7B41227E-486A-4C6C-871C-8A9A1CED1438}.Ad-Hoc|ARM.ActiveCfg = Release|Any CPU
		{7B41227E-486A-4C6C-871C-8A9A1CED1438}.Ad-Hoc|ARM.Build.0 = Release|Any CPU
		{7B41227E-486A-4C6C-871C-8A9A1CED1438}.Ad-Hoc|ARM.Deploy.0 = Release|Any CPU
		{7B41227E-486A-4C6C-871C-8A9A1CED1438}.Ad-Hoc|iPhone.ActiveCfg = Release|Any CPU
		{7B41227E-486A-4C6C-871C-8A9A1CED1438}.Ad-Hoc|iPhone.Build.0 = Release|Any CPU
		{7B41227E-486A-4C6C-871C-8A9A1CED1438}.Ad-Hoc|iPhone.Deploy.0 = Release|Any CPU
		{7B41227E-486A-4C6C-871C-8A9A1CED1438}.Ad-Hoc|iPhoneSimulator.ActiveCfg = Release|Any CPU
		{7B41227E-486A-4C6C-871C-8A9A1CED1438}.Ad-Hoc|iPhoneSimulator.Build.0 = Release|Any CPU
		{7B41227E-486A-4C6C-871C-8A9A1CED1438}.Ad-Hoc|iPhoneSimulator.Deploy.0 = Release|Any CPU
		{7B41227E-486A-4C6C-871C-8A9A1CED1438}.Ad-Hoc|x64.ActiveCfg = Release|Any CPU
		{7B41227E-486A-4C6C-871C-8A9A1CED1438}.Ad-Hoc|x64.Build.0 = Release|Any CPU
		{7B41227E-486A-4C6C-871C-8A9A1CED1438}.Ad-Hoc|x64.Deploy.0 = Release|Any CPU
		{7B41227E-486A-4C6C-871C-8A9A1CED1438}.Ad-Hoc|x86.ActiveCfg = Release|Any CPU
		{7B41227E-486A-4C6C-871C-8A9A1CED1438}.Ad-Hoc|x86.Build.0 = Release|Any CPU
		{7B41227E-486A-4C6C-871C-8A9A1CED1438}.Ad-Hoc|x86.Deploy.0 = Release|Any CPU
		{7B41227E-486A-4C6C-871C-8A9A1CED1438}.AppStore|Any CPU.ActiveCfg = Release|Any CPU
		{7B41227E-486A-4C6C-871C-8A9A1CED1438}.AppStore|Any CPU.Build.0 = Release|Any CPU
		{7B41227E-486A-4C6C-871C-8A9A1CED1438}.AppStore|Any CPU.Deploy.0 = Release|Any CPU
		{7B41227E-486A-4C6C-871C-8A9A1CED1438}.AppStore|ARM.ActiveCfg = Release|Any CPU
		{7B41227E-486A-4C6C-871C-8A9A1CED1438}.AppStore|ARM.Build.0 = Release|Any CPU
		{7B41227E-486A-4C6C-871C-8A9A1CED1438}.AppStore|ARM.Deploy.0 = Release|Any CPU
		{7B41227E-486A-4C6C-871C-8A9A1CED1438}.AppStore|iPhone.ActiveCfg = Release|Any CPU
		{7B41227E-486A-4C6C-871C-8A9A1CED1438}.AppStore|iPhone.Build.0 = Release|Any CPU
		{7B41227E-486A-4C6C-871C-8A9A1CED1438}.AppStore|iPhone.Deploy.0 = Release|Any CPU
		{7B41227E-486A-4C6C-871C-8A9A1CED1438}.AppStore|iPhoneSimulator.ActiveCfg = Release|Any CPU
		{7B41227E-486A-4C6C-871C-8A9A1CED1438}.AppStore|iPhoneSimulator.Build.0 = Release|Any CPU
		{7B41227E-486A-4C6C-871C-8A9A1CED1438}.AppStore|iPhoneSimulator.Deploy.0 = Release|Any CPU
		{7B41227E-486A-4C6C-871C-8A9A1CED1438}.AppStore|x64.ActiveCfg = Release|Any CPU
		{7B41227E-486A-4C6C-871C-8A9A1CED1438}.AppStore|x64.Build.0 = Release|Any CPU
		{7B41227E-486A-4C6C-871C-8A9A1CED1438}.AppStore|x64.Deploy.0 = Release|Any CPU
		{7B41227E-486A-4C6C-871C-8A9A1CED1438}.AppStore|x86.ActiveCfg = Release|Any CPU
		{7B41227E-486A-4C6C-871C-8A9A1CED1438}.AppStore|x86.Build.0 = Release|Any CPU
		{7B41227E-486A-4C6C-871C-8A9A1CED1438}.AppStore|x86.Deploy.0 = Release|Any CPU
		{7B41227E-486A-4C6C-871C-8A9A1CED1438}.Debug|Any CPU.ActiveCfg = Debug|Any CPU
		{7B41227E-486A-4C6C-871C-8A9A1CED1438}.Debug|Any CPU.Build.0 = Debug|Any CPU
		{7B41227E-486A-4C6C-871C-8A9A1CED1438}.Debug|Any CPU.Deploy.0 = Debug|Any CPU
		{7B41227E-486A-4C6C-871C-8A9A1CED1438}.Debug|ARM.ActiveCfg = Debug|Any CPU
		{7B41227E-486A-4C6C-871C-8A9A1CED1438}.Debug|ARM.Build.0 = Debug|Any CPU
		{7B41227E-486A-4C6C-871C-8A9A1CED1438}.Debug|ARM.Deploy.0 = Debug|Any CPU
		{7B41227E-486A-4C6C-871C-8A9A1CED1438}.Debug|iPhone.ActiveCfg = Debug|Any CPU
		{7B41227E-486A-4C6C-871C-8A9A1CED1438}.Debug|iPhone.Build.0 = Debug|Any CPU
		{7B41227E-486A-4C6C-871C-8A9A1CED1438}.Debug|iPhone.Deploy.0 = Debug|Any CPU
		{7B41227E-486A-4C6C-871C-8A9A1CED1438}.Debug|iPhoneSimulator.ActiveCfg = Debug|Any CPU
		{7B41227E-486A-4C6C-871C-8A9A1CED1438}.Debug|iPhoneSimulator.Build.0 = Debug|Any CPU
		{7B41227E-486A-4C6C-871C-8A9A1CED1438}.Debug|iPhoneSimulator.Deploy.0 = Debug|Any CPU
		{7B41227E-486A-4C6C-871C-8A9A1CED1438}.Debug|x64.ActiveCfg = Debug|Any CPU
		{7B41227E-486A-4C6C-871C-8A9A1CED1438}.Debug|x64.Build.0 = Debug|Any CPU
		{7B41227E-486A-4C6C-871C-8A9A1CED1438}.Debug|x64.Deploy.0 = Debug|Any CPU
		{7B41227E-486A-4C6C-871C-8A9A1CED1438}.Debug|x86.ActiveCfg = Debug|Any CPU
		{7B41227E-486A-4C6C-871C-8A9A1CED1438}.Debug|x86.Build.0 = Debug|Any CPU
		{7B41227E-486A-4C6C-871C-8A9A1CED1438}.Debug|x86.Deploy.0 = Debug|Any CPU
		{7B41227E-486A-4C6C-871C-8A9A1CED1438}.Release|Any CPU.ActiveCfg = Release|Any CPU
		{7B41227E-486A-4C6C-871C-8A9A1CED1438}.Release|Any CPU.Build.0 = Release|Any CPU
		{7B41227E-486A-4C6C-871C-8A9A1CED1438}.Release|Any CPU.Deploy.0 = Release|Any CPU
		{7B41227E-486A-4C6C-871C-8A9A1CED1438}.Release|ARM.ActiveCfg = Release|Any CPU
		{7B41227E-486A-4C6C-871C-8A9A1CED1438}.Release|ARM.Build.0 = Release|Any CPU
		{7B41227E-486A-4C6C-871C-8A9A1CED1438}.Release|ARM.Deploy.0 = Release|Any CPU
		{7B41227E-486A-4C6C-871C-8A9A1CED1438}.Release|iPhone.ActiveCfg = Release|Any CPU
		{7B41227E-486A-4C6C-871C-8A9A1CED1438}.Release|iPhone.Build.0 = Release|Any CPU
		{7B41227E-486A-4C6C-871C-8A9A1CED1438}.Release|iPhone.Deploy.0 = Release|Any CPU
		{7B41227E-486A-4C6C-871C-8A9A1CED1438}.Release|iPhoneSimulator.ActiveCfg = Release|Any CPU
		{7B41227E-486A-4C6C-871C-8A9A1CED1438}.Release|iPhoneSimulator.Build.0 = Release|Any CPU
		{7B41227E-486A-4C6C-871C-8A9A1CED1438}.Release|iPhoneSimulator.Deploy.0 = Release|Any CPU
		{7B41227E-486A-4C6C-871C-8A9A1CED1438}.Release|x64.ActiveCfg = Release|Any CPU
		{7B41227E-486A-4C6C-871C-8A9A1CED1438}.Release|x64.Build.0 = Release|Any CPU
		{7B41227E-486A-4C6C-871C-8A9A1CED1438}.Release|x64.Deploy.0 = Release|Any CPU
		{7B41227E-486A-4C6C-871C-8A9A1CED1438}.Release|x86.ActiveCfg = Release|Any CPU
		{7B41227E-486A-4C6C-871C-8A9A1CED1438}.Release|x86.Build.0 = Release|Any CPU
		{7B41227E-486A-4C6C-871C-8A9A1CED1438}.Release|x86.Deploy.0 = Release|Any CPU
		{A72D2B0B-E138-482A-B0DA-941A25E6F312}.Ad-Hoc|Any CPU.ActiveCfg = Ad-Hoc|iPhone
		{A72D2B0B-E138-482A-B0DA-941A25E6F312}.Ad-Hoc|ARM.ActiveCfg = Ad-Hoc|iPhone
		{A72D2B0B-E138-482A-B0DA-941A25E6F312}.Ad-Hoc|iPhone.ActiveCfg = Ad-Hoc|iPhone
		{A72D2B0B-E138-482A-B0DA-941A25E6F312}.Ad-Hoc|iPhone.Build.0 = Ad-Hoc|iPhone
		{A72D2B0B-E138-482A-B0DA-941A25E6F312}.Ad-Hoc|iPhoneSimulator.ActiveCfg = Ad-Hoc|iPhoneSimulator
		{A72D2B0B-E138-482A-B0DA-941A25E6F312}.Ad-Hoc|iPhoneSimulator.Build.0 = Ad-Hoc|iPhoneSimulator
		{A72D2B0B-E138-482A-B0DA-941A25E6F312}.Ad-Hoc|x64.ActiveCfg = Ad-Hoc|iPhone
		{A72D2B0B-E138-482A-B0DA-941A25E6F312}.Ad-Hoc|x86.ActiveCfg = Ad-Hoc|iPhone
		{A72D2B0B-E138-482A-B0DA-941A25E6F312}.AppStore|Any CPU.ActiveCfg = AppStore|iPhone
		{A72D2B0B-E138-482A-B0DA-941A25E6F312}.AppStore|ARM.ActiveCfg = AppStore|iPhone
		{A72D2B0B-E138-482A-B0DA-941A25E6F312}.AppStore|iPhone.ActiveCfg = AppStore|iPhone
		{A72D2B0B-E138-482A-B0DA-941A25E6F312}.AppStore|iPhone.Build.0 = AppStore|iPhone
		{A72D2B0B-E138-482A-B0DA-941A25E6F312}.AppStore|iPhoneSimulator.ActiveCfg = AppStore|iPhoneSimulator
		{A72D2B0B-E138-482A-B0DA-941A25E6F312}.AppStore|iPhoneSimulator.Build.0 = AppStore|iPhoneSimulator
		{A72D2B0B-E138-482A-B0DA-941A25E6F312}.AppStore|x64.ActiveCfg = AppStore|iPhone
		{A72D2B0B-E138-482A-B0DA-941A25E6F312}.AppStore|x86.ActiveCfg = AppStore|iPhone
		{A72D2B0B-E138-482A-B0DA-941A25E6F312}.Debug|Any CPU.ActiveCfg = Debug|iPhone
		{A72D2B0B-E138-482A-B0DA-941A25E6F312}.Debug|ARM.ActiveCfg = Debug|iPhone
		{A72D2B0B-E138-482A-B0DA-941A25E6F312}.Debug|iPhone.ActiveCfg = Debug|iPhone
		{A72D2B0B-E138-482A-B0DA-941A25E6F312}.Debug|iPhone.Build.0 = Debug|iPhone
		{A72D2B0B-E138-482A-B0DA-941A25E6F312}.Debug|iPhoneSimulator.ActiveCfg = Debug|iPhoneSimulator
		{A72D2B0B-E138-482A-B0DA-941A25E6F312}.Debug|iPhoneSimulator.Build.0 = Debug|iPhoneSimulator
		{A72D2B0B-E138-482A-B0DA-941A25E6F312}.Debug|x64.ActiveCfg = Debug|iPhone
		{A72D2B0B-E138-482A-B0DA-941A25E6F312}.Debug|x86.ActiveCfg = Debug|iPhone
		{A72D2B0B-E138-482A-B0DA-941A25E6F312}.Release|Any CPU.ActiveCfg = Release|iPhone
		{A72D2B0B-E138-482A-B0DA-941A25E6F312}.Release|ARM.ActiveCfg = Release|iPhone
		{A72D2B0B-E138-482A-B0DA-941A25E6F312}.Release|iPhone.ActiveCfg = Release|iPhone
		{A72D2B0B-E138-482A-B0DA-941A25E6F312}.Release|iPhone.Build.0 = Release|iPhone
		{A72D2B0B-E138-482A-B0DA-941A25E6F312}.Release|iPhoneSimulator.ActiveCfg = Release|iPhoneSimulator
		{A72D2B0B-E138-482A-B0DA-941A25E6F312}.Release|iPhoneSimulator.Build.0 = Release|iPhoneSimulator
		{A72D2B0B-E138-482A-B0DA-941A25E6F312}.Release|x64.ActiveCfg = Release|iPhone
		{A72D2B0B-E138-482A-B0DA-941A25E6F312}.Release|x86.ActiveCfg = Release|iPhone
		{525AD28D-D503-439C-B9A7-88CEC2577AC2}.Ad-Hoc|Any CPU.ActiveCfg = Release|Any CPU
		{525AD28D-D503-439C-B9A7-88CEC2577AC2}.Ad-Hoc|Any CPU.Build.0 = Release|Any CPU
		{525AD28D-D503-439C-B9A7-88CEC2577AC2}.Ad-Hoc|Any CPU.Deploy.0 = Release|Any CPU
		{525AD28D-D503-439C-B9A7-88CEC2577AC2}.Ad-Hoc|ARM.ActiveCfg = Release|ARM
		{525AD28D-D503-439C-B9A7-88CEC2577AC2}.Ad-Hoc|ARM.Build.0 = Release|ARM
		{525AD28D-D503-439C-B9A7-88CEC2577AC2}.Ad-Hoc|ARM.Deploy.0 = Release|ARM
		{525AD28D-D503-439C-B9A7-88CEC2577AC2}.Ad-Hoc|iPhone.ActiveCfg = Release|Any CPU
		{525AD28D-D503-439C-B9A7-88CEC2577AC2}.Ad-Hoc|iPhone.Build.0 = Release|Any CPU
		{525AD28D-D503-439C-B9A7-88CEC2577AC2}.Ad-Hoc|iPhone.Deploy.0 = Release|Any CPU
		{525AD28D-D503-439C-B9A7-88CEC2577AC2}.Ad-Hoc|iPhoneSimulator.ActiveCfg = Release|Any CPU
		{525AD28D-D503-439C-B9A7-88CEC2577AC2}.Ad-Hoc|iPhoneSimulator.Build.0 = Release|Any CPU
		{525AD28D-D503-439C-B9A7-88CEC2577AC2}.Ad-Hoc|iPhoneSimulator.Deploy.0 = Release|Any CPU
		{525AD28D-D503-439C-B9A7-88CEC2577AC2}.Ad-Hoc|x64.ActiveCfg = Release|Any CPU
		{525AD28D-D503-439C-B9A7-88CEC2577AC2}.Ad-Hoc|x64.Build.0 = Release|Any CPU
		{525AD28D-D503-439C-B9A7-88CEC2577AC2}.Ad-Hoc|x64.Deploy.0 = Release|Any CPU
		{525AD28D-D503-439C-B9A7-88CEC2577AC2}.Ad-Hoc|x86.ActiveCfg = Release|x86
		{525AD28D-D503-439C-B9A7-88CEC2577AC2}.Ad-Hoc|x86.Build.0 = Release|x86
		{525AD28D-D503-439C-B9A7-88CEC2577AC2}.Ad-Hoc|x86.Deploy.0 = Release|x86
		{525AD28D-D503-439C-B9A7-88CEC2577AC2}.AppStore|Any CPU.ActiveCfg = Release|Any CPU
		{525AD28D-D503-439C-B9A7-88CEC2577AC2}.AppStore|Any CPU.Build.0 = Release|Any CPU
		{525AD28D-D503-439C-B9A7-88CEC2577AC2}.AppStore|Any CPU.Deploy.0 = Release|Any CPU
		{525AD28D-D503-439C-B9A7-88CEC2577AC2}.AppStore|ARM.ActiveCfg = Release|ARM
		{525AD28D-D503-439C-B9A7-88CEC2577AC2}.AppStore|ARM.Build.0 = Release|ARM
		{525AD28D-D503-439C-B9A7-88CEC2577AC2}.AppStore|ARM.Deploy.0 = Release|ARM
		{525AD28D-D503-439C-B9A7-88CEC2577AC2}.AppStore|iPhone.ActiveCfg = Release|Any CPU
		{525AD28D-D503-439C-B9A7-88CEC2577AC2}.AppStore|iPhone.Build.0 = Release|Any CPU
		{525AD28D-D503-439C-B9A7-88CEC2577AC2}.AppStore|iPhone.Deploy.0 = Release|Any CPU
		{525AD28D-D503-439C-B9A7-88CEC2577AC2}.AppStore|iPhoneSimulator.ActiveCfg = Release|Any CPU
		{525AD28D-D503-439C-B9A7-88CEC2577AC2}.AppStore|iPhoneSimulator.Build.0 = Release|Any CPU
		{525AD28D-D503-439C-B9A7-88CEC2577AC2}.AppStore|iPhoneSimulator.Deploy.0 = Release|Any CPU
		{525AD28D-D503-439C-B9A7-88CEC2577AC2}.AppStore|x64.ActiveCfg = Release|Any CPU
		{525AD28D-D503-439C-B9A7-88CEC2577AC2}.AppStore|x64.Build.0 = Release|Any CPU
		{525AD28D-D503-439C-B9A7-88CEC2577AC2}.AppStore|x64.Deploy.0 = Release|Any CPU
		{525AD28D-D503-439C-B9A7-88CEC2577AC2}.AppStore|x86.ActiveCfg = Release|x86
		{525AD28D-D503-439C-B9A7-88CEC2577AC2}.AppStore|x86.Build.0 = Release|x86
		{525AD28D-D503-439C-B9A7-88CEC2577AC2}.AppStore|x86.Deploy.0 = Release|x86
		{525AD28D-D503-439C-B9A7-88CEC2577AC2}.Debug|Any CPU.ActiveCfg = Debug|Any CPU
		{525AD28D-D503-439C-B9A7-88CEC2577AC2}.Debug|Any CPU.Build.0 = Debug|Any CPU
		{525AD28D-D503-439C-B9A7-88CEC2577AC2}.Debug|Any CPU.Deploy.0 = Debug|Any CPU
		{525AD28D-D503-439C-B9A7-88CEC2577AC2}.Debug|ARM.ActiveCfg = Debug|ARM
		{525AD28D-D503-439C-B9A7-88CEC2577AC2}.Debug|ARM.Build.0 = Debug|ARM
		{525AD28D-D503-439C-B9A7-88CEC2577AC2}.Debug|ARM.Deploy.0 = Debug|ARM
		{525AD28D-D503-439C-B9A7-88CEC2577AC2}.Debug|iPhone.ActiveCfg = Debug|Any CPU
		{525AD28D-D503-439C-B9A7-88CEC2577AC2}.Debug|iPhone.Build.0 = Debug|Any CPU
		{525AD28D-D503-439C-B9A7-88CEC2577AC2}.Debug|iPhone.Deploy.0 = Debug|Any CPU
		{525AD28D-D503-439C-B9A7-88CEC2577AC2}.Debug|iPhoneSimulator.ActiveCfg = Debug|Any CPU
		{525AD28D-D503-439C-B9A7-88CEC2577AC2}.Debug|iPhoneSimulator.Build.0 = Debug|Any CPU
		{525AD28D-D503-439C-B9A7-88CEC2577AC2}.Debug|iPhoneSimulator.Deploy.0 = Debug|Any CPU
		{525AD28D-D503-439C-B9A7-88CEC2577AC2}.Debug|x64.ActiveCfg = Debug|Any CPU
		{525AD28D-D503-439C-B9A7-88CEC2577AC2}.Debug|x64.Build.0 = Debug|Any CPU
		{525AD28D-D503-439C-B9A7-88CEC2577AC2}.Debug|x64.Deploy.0 = Debug|Any CPU
		{525AD28D-D503-439C-B9A7-88CEC2577AC2}.Debug|x86.ActiveCfg = Debug|x86
		{525AD28D-D503-439C-B9A7-88CEC2577AC2}.Debug|x86.Build.0 = Debug|x86
		{525AD28D-D503-439C-B9A7-88CEC2577AC2}.Debug|x86.Deploy.0 = Debug|x86
		{525AD28D-D503-439C-B9A7-88CEC2577AC2}.Release|Any CPU.ActiveCfg = Release|Any CPU
		{525AD28D-D503-439C-B9A7-88CEC2577AC2}.Release|Any CPU.Build.0 = Release|Any CPU
		{525AD28D-D503-439C-B9A7-88CEC2577AC2}.Release|Any CPU.Deploy.0 = Release|Any CPU
		{525AD28D-D503-439C-B9A7-88CEC2577AC2}.Release|ARM.ActiveCfg = Release|ARM
		{525AD28D-D503-439C-B9A7-88CEC2577AC2}.Release|ARM.Build.0 = Release|ARM
		{525AD28D-D503-439C-B9A7-88CEC2577AC2}.Release|ARM.Deploy.0 = Release|ARM
		{525AD28D-D503-439C-B9A7-88CEC2577AC2}.Release|iPhone.ActiveCfg = Release|Any CPU
		{525AD28D-D503-439C-B9A7-88CEC2577AC2}.Release|iPhone.Build.0 = Release|Any CPU
		{525AD28D-D503-439C-B9A7-88CEC2577AC2}.Release|iPhone.Deploy.0 = Release|Any CPU
		{525AD28D-D503-439C-B9A7-88CEC2577AC2}.Release|iPhoneSimulator.ActiveCfg = Release|Any CPU
		{525AD28D-D503-439C-B9A7-88CEC2577AC2}.Release|iPhoneSimulator.Build.0 = Release|Any CPU
		{525AD28D-D503-439C-B9A7-88CEC2577AC2}.Release|iPhoneSimulator.Deploy.0 = Release|Any CPU
		{525AD28D-D503-439C-B9A7-88CEC2577AC2}.Release|x64.ActiveCfg = Release|Any CPU
		{525AD28D-D503-439C-B9A7-88CEC2577AC2}.Release|x64.Build.0 = Release|Any CPU
		{525AD28D-D503-439C-B9A7-88CEC2577AC2}.Release|x64.Deploy.0 = Release|Any CPU
		{525AD28D-D503-439C-B9A7-88CEC2577AC2}.Release|x86.ActiveCfg = Release|x86
		{525AD28D-D503-439C-B9A7-88CEC2577AC2}.Release|x86.Build.0 = Release|x86
		{525AD28D-D503-439C-B9A7-88CEC2577AC2}.Release|x86.Deploy.0 = Release|x86
		{25F5CE96-272F-4F37-84BD-4E6688216F1D}.Ad-Hoc|Any CPU.ActiveCfg = Release|x86
		{25F5CE96-272F-4F37-84BD-4E6688216F1D}.Ad-Hoc|Any CPU.Build.0 = Release|x86
		{25F5CE96-272F-4F37-84BD-4E6688216F1D}.Ad-Hoc|Any CPU.Deploy.0 = Release|x86
		{25F5CE96-272F-4F37-84BD-4E6688216F1D}.Ad-Hoc|ARM.ActiveCfg = Release|ARM
		{25F5CE96-272F-4F37-84BD-4E6688216F1D}.Ad-Hoc|ARM.Build.0 = Release|ARM
		{25F5CE96-272F-4F37-84BD-4E6688216F1D}.Ad-Hoc|ARM.Deploy.0 = Release|ARM
		{25F5CE96-272F-4F37-84BD-4E6688216F1D}.Ad-Hoc|iPhone.ActiveCfg = Release|x86
		{25F5CE96-272F-4F37-84BD-4E6688216F1D}.Ad-Hoc|iPhone.Build.0 = Release|x86
		{25F5CE96-272F-4F37-84BD-4E6688216F1D}.Ad-Hoc|iPhone.Deploy.0 = Release|x86
		{25F5CE96-272F-4F37-84BD-4E6688216F1D}.Ad-Hoc|iPhoneSimulator.ActiveCfg = Release|x86
		{25F5CE96-272F-4F37-84BD-4E6688216F1D}.Ad-Hoc|iPhoneSimulator.Build.0 = Release|x86
		{25F5CE96-272F-4F37-84BD-4E6688216F1D}.Ad-Hoc|iPhoneSimulator.Deploy.0 = Release|x86
		{25F5CE96-272F-4F37-84BD-4E6688216F1D}.Ad-Hoc|x64.ActiveCfg = Release|x64
		{25F5CE96-272F-4F37-84BD-4E6688216F1D}.Ad-Hoc|x64.Build.0 = Release|x64
		{25F5CE96-272F-4F37-84BD-4E6688216F1D}.Ad-Hoc|x64.Deploy.0 = Release|x64
		{25F5CE96-272F-4F37-84BD-4E6688216F1D}.Ad-Hoc|x86.ActiveCfg = Release|x86
		{25F5CE96-272F-4F37-84BD-4E6688216F1D}.Ad-Hoc|x86.Build.0 = Release|x86
		{25F5CE96-272F-4F37-84BD-4E6688216F1D}.Ad-Hoc|x86.Deploy.0 = Release|x86
		{25F5CE96-272F-4F37-84BD-4E6688216F1D}.AppStore|Any CPU.ActiveCfg = Release|x86
		{25F5CE96-272F-4F37-84BD-4E6688216F1D}.AppStore|Any CPU.Build.0 = Release|x86
		{25F5CE96-272F-4F37-84BD-4E6688216F1D}.AppStore|Any CPU.Deploy.0 = Release|x86
		{25F5CE96-272F-4F37-84BD-4E6688216F1D}.AppStore|ARM.ActiveCfg = Release|ARM
		{25F5CE96-272F-4F37-84BD-4E6688216F1D}.AppStore|ARM.Build.0 = Release|ARM
		{25F5CE96-272F-4F37-84BD-4E6688216F1D}.AppStore|ARM.Deploy.0 = Release|ARM
		{25F5CE96-272F-4F37-84BD-4E6688216F1D}.AppStore|iPhone.ActiveCfg = Release|x86
		{25F5CE96-272F-4F37-84BD-4E6688216F1D}.AppStore|iPhone.Build.0 = Release|x86
		{25F5CE96-272F-4F37-84BD-4E6688216F1D}.AppStore|iPhone.Deploy.0 = Release|x86
		{25F5CE96-272F-4F37-84BD-4E6688216F1D}.AppStore|iPhoneSimulator.ActiveCfg = Release|x86
		{25F5CE96-272F-4F37-84BD-4E6688216F1D}.AppStore|iPhoneSimulator.Build.0 = Release|x86
		{25F5CE96-272F-4F37-84BD-4E6688216F1D}.AppStore|iPhoneSimulator.Deploy.0 = Release|x86
		{25F5CE96-272F-4F37-84BD-4E6688216F1D}.AppStore|x64.ActiveCfg = Release|x64
		{25F5CE96-272F-4F37-84BD-4E6688216F1D}.AppStore|x64.Build.0 = Release|x64
		{25F5CE96-272F-4F37-84BD-4E6688216F1D}.AppStore|x64.Deploy.0 = Release|x64
		{25F5CE96-272F-4F37-84BD-4E6688216F1D}.AppStore|x86.ActiveCfg = Release|x86
		{25F5CE96-272F-4F37-84BD-4E6688216F1D}.AppStore|x86.Build.0 = Release|x86
		{25F5CE96-272F-4F37-84BD-4E6688216F1D}.AppStore|x86.Deploy.0 = Release|x86
		{25F5CE96-272F-4F37-84BD-4E6688216F1D}.Debug|Any CPU.ActiveCfg = Debug|x86
		{25F5CE96-272F-4F37-84BD-4E6688216F1D}.Debug|ARM.ActiveCfg = Debug|ARM
		{25F5CE96-272F-4F37-84BD-4E6688216F1D}.Debug|ARM.Build.0 = Debug|ARM
		{25F5CE96-272F-4F37-84BD-4E6688216F1D}.Debug|ARM.Deploy.0 = Debug|ARM
		{25F5CE96-272F-4F37-84BD-4E6688216F1D}.Debug|iPhone.ActiveCfg = Debug|x86
		{25F5CE96-272F-4F37-84BD-4E6688216F1D}.Debug|iPhoneSimulator.ActiveCfg = Debug|x86
		{25F5CE96-272F-4F37-84BD-4E6688216F1D}.Debug|x64.ActiveCfg = Debug|x64
		{25F5CE96-272F-4F37-84BD-4E6688216F1D}.Debug|x64.Build.0 = Debug|x64
		{25F5CE96-272F-4F37-84BD-4E6688216F1D}.Debug|x64.Deploy.0 = Debug|x64
		{25F5CE96-272F-4F37-84BD-4E6688216F1D}.Debug|x86.ActiveCfg = Debug|x86
		{25F5CE96-272F-4F37-84BD-4E6688216F1D}.Debug|x86.Build.0 = Debug|x86
		{25F5CE96-272F-4F37-84BD-4E6688216F1D}.Debug|x86.Deploy.0 = Debug|x86
		{25F5CE96-272F-4F37-84BD-4E6688216F1D}.Release|Any CPU.ActiveCfg = Release|x86
		{25F5CE96-272F-4F37-84BD-4E6688216F1D}.Release|ARM.ActiveCfg = Release|ARM
		{25F5CE96-272F-4F37-84BD-4E6688216F1D}.Release|ARM.Build.0 = Release|ARM
		{25F5CE96-272F-4F37-84BD-4E6688216F1D}.Release|ARM.Deploy.0 = Release|ARM
		{25F5CE96-272F-4F37-84BD-4E6688216F1D}.Release|iPhone.ActiveCfg = Release|x86
		{25F5CE96-272F-4F37-84BD-4E6688216F1D}.Release|iPhoneSimulator.ActiveCfg = Release|x86
		{25F5CE96-272F-4F37-84BD-4E6688216F1D}.Release|x64.ActiveCfg = Release|x64
		{25F5CE96-272F-4F37-84BD-4E6688216F1D}.Release|x64.Build.0 = Release|x64
		{25F5CE96-272F-4F37-84BD-4E6688216F1D}.Release|x64.Deploy.0 = Release|x64
		{25F5CE96-272F-4F37-84BD-4E6688216F1D}.Release|x86.ActiveCfg = Release|x86
		{25F5CE96-272F-4F37-84BD-4E6688216F1D}.Release|x86.Build.0 = Release|x86
		{25F5CE96-272F-4F37-84BD-4E6688216F1D}.Release|x86.Deploy.0 = Release|x86
		{E6748C80-98A9-4B0A-A6A5-DFD037A32C3F}.Ad-Hoc|Any CPU.ActiveCfg = Release|Any CPU
		{E6748C80-98A9-4B0A-A6A5-DFD037A32C3F}.Ad-Hoc|Any CPU.Build.0 = Release|Any CPU
		{E6748C80-98A9-4B0A-A6A5-DFD037A32C3F}.Ad-Hoc|Any CPU.Deploy.0 = Release|Any CPU
		{E6748C80-98A9-4B0A-A6A5-DFD037A32C3F}.Ad-Hoc|ARM.ActiveCfg = Release|ARM
		{E6748C80-98A9-4B0A-A6A5-DFD037A32C3F}.Ad-Hoc|ARM.Build.0 = Release|ARM
		{E6748C80-98A9-4B0A-A6A5-DFD037A32C3F}.Ad-Hoc|ARM.Deploy.0 = Release|ARM
		{E6748C80-98A9-4B0A-A6A5-DFD037A32C3F}.Ad-Hoc|iPhone.ActiveCfg = Release|Any CPU
		{E6748C80-98A9-4B0A-A6A5-DFD037A32C3F}.Ad-Hoc|iPhone.Build.0 = Release|Any CPU
		{E6748C80-98A9-4B0A-A6A5-DFD037A32C3F}.Ad-Hoc|iPhone.Deploy.0 = Release|Any CPU
		{E6748C80-98A9-4B0A-A6A5-DFD037A32C3F}.Ad-Hoc|iPhoneSimulator.ActiveCfg = Release|Any CPU
		{E6748C80-98A9-4B0A-A6A5-DFD037A32C3F}.Ad-Hoc|iPhoneSimulator.Build.0 = Release|Any CPU
		{E6748C80-98A9-4B0A-A6A5-DFD037A32C3F}.Ad-Hoc|iPhoneSimulator.Deploy.0 = Release|Any CPU
		{E6748C80-98A9-4B0A-A6A5-DFD037A32C3F}.Ad-Hoc|x64.ActiveCfg = Release|x64
		{E6748C80-98A9-4B0A-A6A5-DFD037A32C3F}.Ad-Hoc|x64.Build.0 = Release|x64
		{E6748C80-98A9-4B0A-A6A5-DFD037A32C3F}.Ad-Hoc|x64.Deploy.0 = Release|x64
		{E6748C80-98A9-4B0A-A6A5-DFD037A32C3F}.Ad-Hoc|x86.ActiveCfg = Release|x86
		{E6748C80-98A9-4B0A-A6A5-DFD037A32C3F}.Ad-Hoc|x86.Build.0 = Release|x86
		{E6748C80-98A9-4B0A-A6A5-DFD037A32C3F}.Ad-Hoc|x86.Deploy.0 = Release|x86
		{E6748C80-98A9-4B0A-A6A5-DFD037A32C3F}.AppStore|Any CPU.ActiveCfg = Release|Any CPU
		{E6748C80-98A9-4B0A-A6A5-DFD037A32C3F}.AppStore|Any CPU.Build.0 = Release|Any CPU
		{E6748C80-98A9-4B0A-A6A5-DFD037A32C3F}.AppStore|Any CPU.Deploy.0 = Release|Any CPU
		{E6748C80-98A9-4B0A-A6A5-DFD037A32C3F}.AppStore|ARM.ActiveCfg = Release|ARM
		{E6748C80-98A9-4B0A-A6A5-DFD037A32C3F}.AppStore|ARM.Build.0 = Release|ARM
		{E6748C80-98A9-4B0A-A6A5-DFD037A32C3F}.AppStore|ARM.Deploy.0 = Release|ARM
		{E6748C80-98A9-4B0A-A6A5-DFD037A32C3F}.AppStore|iPhone.ActiveCfg = Release|Any CPU
		{E6748C80-98A9-4B0A-A6A5-DFD037A32C3F}.AppStore|iPhone.Build.0 = Release|Any CPU
		{E6748C80-98A9-4B0A-A6A5-DFD037A32C3F}.AppStore|iPhone.Deploy.0 = Release|Any CPU
		{E6748C80-98A9-4B0A-A6A5-DFD037A32C3F}.AppStore|iPhoneSimulator.ActiveCfg = Release|Any CPU
		{E6748C80-98A9-4B0A-A6A5-DFD037A32C3F}.AppStore|iPhoneSimulator.Build.0 = Release|Any CPU
		{E6748C80-98A9-4B0A-A6A5-DFD037A32C3F}.AppStore|iPhoneSimulator.Deploy.0 = Release|Any CPU
		{E6748C80-98A9-4B0A-A6A5-DFD037A32C3F}.AppStore|x64.ActiveCfg = Release|x64
		{E6748C80-98A9-4B0A-A6A5-DFD037A32C3F}.AppStore|x64.Build.0 = Release|x64
		{E6748C80-98A9-4B0A-A6A5-DFD037A32C3F}.AppStore|x64.Deploy.0 = Release|x64
		{E6748C80-98A9-4B0A-A6A5-DFD037A32C3F}.AppStore|x86.ActiveCfg = Release|x86
		{E6748C80-98A9-4B0A-A6A5-DFD037A32C3F}.AppStore|x86.Build.0 = Release|x86
		{E6748C80-98A9-4B0A-A6A5-DFD037A32C3F}.AppStore|x86.Deploy.0 = Release|x86
		{E6748C80-98A9-4B0A-A6A5-DFD037A32C3F}.Debug|Any CPU.ActiveCfg = Debug|Any CPU
		{E6748C80-98A9-4B0A-A6A5-DFD037A32C3F}.Debug|Any CPU.Build.0 = Debug|Any CPU
		{E6748C80-98A9-4B0A-A6A5-DFD037A32C3F}.Debug|Any CPU.Deploy.0 = Debug|Any CPU
		{E6748C80-98A9-4B0A-A6A5-DFD037A32C3F}.Debug|ARM.ActiveCfg = Debug|ARM
		{E6748C80-98A9-4B0A-A6A5-DFD037A32C3F}.Debug|ARM.Build.0 = Debug|ARM
		{E6748C80-98A9-4B0A-A6A5-DFD037A32C3F}.Debug|ARM.Deploy.0 = Debug|ARM
		{E6748C80-98A9-4B0A-A6A5-DFD037A32C3F}.Debug|iPhone.ActiveCfg = Debug|Any CPU
		{E6748C80-98A9-4B0A-A6A5-DFD037A32C3F}.Debug|iPhone.Build.0 = Debug|Any CPU
		{E6748C80-98A9-4B0A-A6A5-DFD037A32C3F}.Debug|iPhone.Deploy.0 = Debug|Any CPU
		{E6748C80-98A9-4B0A-A6A5-DFD037A32C3F}.Debug|iPhoneSimulator.ActiveCfg = Debug|Any CPU
		{E6748C80-98A9-4B0A-A6A5-DFD037A32C3F}.Debug|iPhoneSimulator.Build.0 = Debug|Any CPU
		{E6748C80-98A9-4B0A-A6A5-DFD037A32C3F}.Debug|iPhoneSimulator.Deploy.0 = Debug|Any CPU
		{E6748C80-98A9-4B0A-A6A5-DFD037A32C3F}.Debug|x64.ActiveCfg = Debug|x64
		{E6748C80-98A9-4B0A-A6A5-DFD037A32C3F}.Debug|x64.Build.0 = Debug|x64
		{E6748C80-98A9-4B0A-A6A5-DFD037A32C3F}.Debug|x64.Deploy.0 = Debug|x64
		{E6748C80-98A9-4B0A-A6A5-DFD037A32C3F}.Debug|x86.ActiveCfg = Debug|x86
		{E6748C80-98A9-4B0A-A6A5-DFD037A32C3F}.Debug|x86.Build.0 = Debug|x86
		{E6748C80-98A9-4B0A-A6A5-DFD037A32C3F}.Debug|x86.Deploy.0 = Debug|x86
		{E6748C80-98A9-4B0A-A6A5-DFD037A32C3F}.Release|Any CPU.ActiveCfg = Release|Any CPU
		{E6748C80-98A9-4B0A-A6A5-DFD037A32C3F}.Release|Any CPU.Build.0 = Release|Any CPU
		{E6748C80-98A9-4B0A-A6A5-DFD037A32C3F}.Release|Any CPU.Deploy.0 = Release|Any CPU
		{E6748C80-98A9-4B0A-A6A5-DFD037A32C3F}.Release|ARM.ActiveCfg = Release|ARM
		{E6748C80-98A9-4B0A-A6A5-DFD037A32C3F}.Release|ARM.Build.0 = Release|ARM
		{E6748C80-98A9-4B0A-A6A5-DFD037A32C3F}.Release|ARM.Deploy.0 = Release|ARM
		{E6748C80-98A9-4B0A-A6A5-DFD037A32C3F}.Release|iPhone.ActiveCfg = Release|Any CPU
		{E6748C80-98A9-4B0A-A6A5-DFD037A32C3F}.Release|iPhone.Build.0 = Release|Any CPU
		{E6748C80-98A9-4B0A-A6A5-DFD037A32C3F}.Release|iPhone.Deploy.0 = Release|Any CPU
		{E6748C80-98A9-4B0A-A6A5-DFD037A32C3F}.Release|iPhoneSimulator.ActiveCfg = Release|Any CPU
		{E6748C80-98A9-4B0A-A6A5-DFD037A32C3F}.Release|iPhoneSimulator.Build.0 = Release|Any CPU
		{E6748C80-98A9-4B0A-A6A5-DFD037A32C3F}.Release|iPhoneSimulator.Deploy.0 = Release|Any CPU
		{E6748C80-98A9-4B0A-A6A5-DFD037A32C3F}.Release|x64.ActiveCfg = Release|x64
		{E6748C80-98A9-4B0A-A6A5-DFD037A32C3F}.Release|x64.Build.0 = Release|x64
		{E6748C80-98A9-4B0A-A6A5-DFD037A32C3F}.Release|x64.Deploy.0 = Release|x64
		{E6748C80-98A9-4B0A-A6A5-DFD037A32C3F}.Release|x86.ActiveCfg = Release|x86
		{E6748C80-98A9-4B0A-A6A5-DFD037A32C3F}.Release|x86.Build.0 = Release|x86
		{E6748C80-98A9-4B0A-A6A5-DFD037A32C3F}.Release|x86.Deploy.0 = Release|x86
	EndGlobalSection
	GlobalSection(SolutionProperties) = preSolution
		HideSolutionNode = FALSE
	EndGlobalSection
EndGlobal
