
Microsoft Visual Studio Solution File, Format Version 12.00
# Visual Studio 14
VisualStudioVersion = 14.0.25420.1
MinimumVisualStudioVersion = 10.0.40219.1
Project("{FAE04EC0-301F-11D3-BF4B-00C04F79EFBC}") = "Phoneword", "Phoneword\Phoneword\Phoneword.csproj", "{FB4B48F7-9E8B-443A-A0CD-1C9ED468BCC8}"
EndProject
Project("{FAE04EC0-301F-11D3-BF4B-00C04F79EFBC}") = "Phoneword.Droid", "Phoneword\Phoneword.Droid\Phoneword.Droid.csproj", "{99BAEC3A-3F4A-48E8-B1CF-1553E2A4AE24}"
EndProject
Project("{FAE04EC0-301F-11D3-BF4B-00C04F79EFBC}") = "Phoneword.iOS", "Phoneword\Phoneword.iOS\Phoneword.iOS.csproj", "{6F2858B9-D991-498E-B904-D65F25F6C1B3}"
EndProject
Project("{FAE04EC0-301F-11D3-BF4B-00C04F79EFBC}") = "Phoneword.WinPhone", "Phoneword\Phoneword.WinPhone\Phoneword.WinPhone.csproj", "{2E5A506C-F36B-420D-B488-F1560A6C85F4}"
EndProject
Project("{FAE04EC0-301F-11D3-BF4B-00C04F79EFBC}") = "Phoneword.UWP", "Phoneword\Phoneword.UWP\Phoneword.UWP.csproj", "{9CF5BE27-0FB5-4054-AB24-81CC8D3743E0}"
EndProject
Project("{FAE04EC0-301F-11D3-BF4B-00C04F79EFBC}") = "Phoneword.Windows", "Phoneword\Phoneword.Windows\Phoneword.Windows.csproj", "{839708E5-AFD5-494D-9C09-0684D88B9FAD}"
EndProject
Global
	GlobalSection(SolutionConfigurationPlatforms) = preSolution
		Ad-Hoc|Any CPU = Ad-Hoc|Any CPU
		Ad-Hoc|ARM = Ad-Hoc|ARM
		Ad-Hoc|iPhone = Ad-Hoc|iPhone
		Ad-Hoc|iPhoneSimulator = Ad-Hoc|iPhoneSimulator
		Ad-Hoc|x64 = Ad-Hoc|x64
		Ad-Hoc|x86 = Ad-Hoc|x86
		AppStore|Any CPU = AppStore|Any CPU
		AppStore|ARM = AppStore|ARM
		AppStore|iPhone = AppStore|iPhone
		AppStore|iPhoneSimulator = AppStore|iPhoneSimulator
		AppStore|x64 = AppStore|x64
		AppStore|x86 = AppStore|x86
		Debug|Any CPU = Debug|Any CPU
		Debug|ARM = Debug|ARM
		Debug|iPhone = Debug|iPhone
		Debug|iPhoneSimulator = Debug|iPhoneSimulator
		Debug|x64 = Debug|x64
		Debug|x86 = Debug|x86
		Release|Any CPU = Release|Any CPU
		Release|ARM = Release|ARM
		Release|iPhone = Release|iPhone
		Release|iPhoneSimulator = Release|iPhoneSimulator
		Release|x64 = Release|x64
		Release|x86 = Release|x86
	EndGlobalSection
	GlobalSection(ProjectConfigurationPlatforms) = postSolution
		{FB4B48F7-9E8B-443A-A0CD-1C9ED468BCC8}.Ad-Hoc|Any CPU.ActiveCfg = Release|Any CPU
		{FB4B48F7-9E8B-443A-A0CD-1C9ED468BCC8}.Ad-Hoc|Any CPU.Build.0 = Release|Any CPU
		{FB4B48F7-9E8B-443A-A0CD-1C9ED468BCC8}.Ad-Hoc|ARM.ActiveCfg = Release|Any CPU
		{FB4B48F7-9E8B-443A-A0CD-1C9ED468BCC8}.Ad-Hoc|ARM.Build.0 = Release|Any CPU
		{FB4B48F7-9E8B-443A-A0CD-1C9ED468BCC8}.Ad-Hoc|iPhone.ActiveCfg = Release|Any CPU
		{FB4B48F7-9E8B-443A-A0CD-1C9ED468BCC8}.Ad-Hoc|iPhone.Build.0 = Release|Any CPU
		{FB4B48F7-9E8B-443A-A0CD-1C9ED468BCC8}.Ad-Hoc|iPhoneSimulator.ActiveCfg = Release|Any CPU
		{FB4B48F7-9E8B-443A-A0CD-1C9ED468BCC8}.Ad-Hoc|iPhoneSimulator.Build.0 = Release|Any CPU
		{FB4B48F7-9E8B-443A-A0CD-1C9ED468BCC8}.Ad-Hoc|x64.ActiveCfg = Release|Any CPU
		{FB4B48F7-9E8B-443A-A0CD-1C9ED468BCC8}.Ad-Hoc|x64.Build.0 = Release|Any CPU
		{FB4B48F7-9E8B-443A-A0CD-1C9ED468BCC8}.Ad-Hoc|x86.ActiveCfg = Release|Any CPU
		{FB4B48F7-9E8B-443A-A0CD-1C9ED468BCC8}.Ad-Hoc|x86.Build.0 = Release|Any CPU
		{FB4B48F7-9E8B-443A-A0CD-1C9ED468BCC8}.AppStore|Any CPU.ActiveCfg = Release|Any CPU
		{FB4B48F7-9E8B-443A-A0CD-1C9ED468BCC8}.AppStore|Any CPU.Build.0 = Release|Any CPU
		{FB4B48F7-9E8B-443A-A0CD-1C9ED468BCC8}.AppStore|ARM.ActiveCfg = Release|Any CPU
		{FB4B48F7-9E8B-443A-A0CD-1C9ED468BCC8}.AppStore|ARM.Build.0 = Release|Any CPU
		{FB4B48F7-9E8B-443A-A0CD-1C9ED468BCC8}.AppStore|iPhone.ActiveCfg = Release|Any CPU
		{FB4B48F7-9E8B-443A-A0CD-1C9ED468BCC8}.AppStore|iPhone.Build.0 = Release|Any CPU
		{FB4B48F7-9E8B-443A-A0CD-1C9ED468BCC8}.AppStore|iPhoneSimulator.ActiveCfg = Release|Any CPU
		{FB4B48F7-9E8B-443A-A0CD-1C9ED468BCC8}.AppStore|iPhoneSimulator.Build.0 = Release|Any CPU
		{FB4B48F7-9E8B-443A-A0CD-1C9ED468BCC8}.AppStore|x64.ActiveCfg = Release|Any CPU
		{FB4B48F7-9E8B-443A-A0CD-1C9ED468BCC8}.AppStore|x64.Build.0 = Release|Any CPU
		{FB4B48F7-9E8B-443A-A0CD-1C9ED468BCC8}.AppStore|x86.ActiveCfg = Release|Any CPU
		{FB4B48F7-9E8B-443A-A0CD-1C9ED468BCC8}.AppStore|x86.Build.0 = Release|Any CPU
		{FB4B48F7-9E8B-443A-A0CD-1C9ED468BCC8}.Debug|Any CPU.ActiveCfg = Debug|Any CPU
		{FB4B48F7-9E8B-443A-A0CD-1C9ED468BCC8}.Debug|Any CPU.Build.0 = Debug|Any CPU
		{FB4B48F7-9E8B-443A-A0CD-1C9ED468BCC8}.Debug|ARM.ActiveCfg = Debug|Any CPU
		{FB4B48F7-9E8B-443A-A0CD-1C9ED468BCC8}.Debug|ARM.Build.0 = Debug|Any CPU
		{FB4B48F7-9E8B-443A-A0CD-1C9ED468BCC8}.Debug|iPhone.ActiveCfg = Debug|Any CPU
		{FB4B48F7-9E8B-443A-A0CD-1C9ED468BCC8}.Debug|iPhone.Build.0 = Debug|Any CPU
		{FB4B48F7-9E8B-443A-A0CD-1C9ED468BCC8}.Debug|iPhoneSimulator.ActiveCfg = Debug|Any CPU
		{FB4B48F7-9E8B-443A-A0CD-1C9ED468BCC8}.Debug|iPhoneSimulator.Build.0 = Debug|Any CPU
		{FB4B48F7-9E8B-443A-A0CD-1C9ED468BCC8}.Debug|x64.ActiveCfg = Debug|Any CPU
		{FB4B48F7-9E8B-443A-A0CD-1C9ED468BCC8}.Debug|x64.Build.0 = Debug|Any CPU
		{FB4B48F7-9E8B-443A-A0CD-1C9ED468BCC8}.Debug|x86.ActiveCfg = Debug|Any CPU
		{FB4B48F7-9E8B-443A-A0CD-1C9ED468BCC8}.Debug|x86.Build.0 = Debug|Any CPU
		{FB4B48F7-9E8B-443A-A0CD-1C9ED468BCC8}.Release|Any CPU.ActiveCfg = Release|Any CPU
		{FB4B48F7-9E8B-443A-A0CD-1C9ED468BCC8}.Release|Any CPU.Build.0 = Release|Any CPU
		{FB4B48F7-9E8B-443A-A0CD-1C9ED468BCC8}.Release|ARM.ActiveCfg = Release|Any CPU
		{FB4B48F7-9E8B-443A-A0CD-1C9ED468BCC8}.Release|ARM.Build.0 = Release|Any CPU
		{FB4B48F7-9E8B-443A-A0CD-1C9ED468BCC8}.Release|iPhone.ActiveCfg = Release|Any CPU
		{FB4B48F7-9E8B-443A-A0CD-1C9ED468BCC8}.Release|iPhone.Build.0 = Release|Any CPU
		{FB4B48F7-9E8B-443A-A0CD-1C9ED468BCC8}.Release|iPhoneSimulator.ActiveCfg = Release|Any CPU
		{FB4B48F7-9E8B-443A-A0CD-1C9ED468BCC8}.Release|iPhoneSimulator.Build.0 = Release|Any CPU
		{FB4B48F7-9E8B-443A-A0CD-1C9ED468BCC8}.Release|x64.ActiveCfg = Release|Any CPU
		{FB4B48F7-9E8B-443A-A0CD-1C9ED468BCC8}.Release|x64.Build.0 = Release|Any CPU
		{FB4B48F7-9E8B-443A-A0CD-1C9ED468BCC8}.Release|x86.ActiveCfg = Release|Any CPU
		{FB4B48F7-9E8B-443A-A0CD-1C9ED468BCC8}.Release|x86.Build.0 = Release|Any CPU
		{99BAEC3A-3F4A-48E8-B1CF-1553E2A4AE24}.Ad-Hoc|Any CPU.ActiveCfg = Release|Any CPU
		{99BAEC3A-3F4A-48E8-B1CF-1553E2A4AE24}.Ad-Hoc|Any CPU.Build.0 = Release|Any CPU
		{99BAEC3A-3F4A-48E8-B1CF-1553E2A4AE24}.Ad-Hoc|Any CPU.Deploy.0 = Release|Any CPU
		{99BAEC3A-3F4A-48E8-B1CF-1553E2A4AE24}.Ad-Hoc|ARM.ActiveCfg = Release|Any CPU
		{99BAEC3A-3F4A-48E8-B1CF-1553E2A4AE24}.Ad-Hoc|ARM.Build.0 = Release|Any CPU
		{99BAEC3A-3F4A-48E8-B1CF-1553E2A4AE24}.Ad-Hoc|ARM.Deploy.0 = Release|Any CPU
		{99BAEC3A-3F4A-48E8-B1CF-1553E2A4AE24}.Ad-Hoc|iPhone.ActiveCfg = Release|Any CPU
		{99BAEC3A-3F4A-48E8-B1CF-1553E2A4AE24}.Ad-Hoc|iPhone.Build.0 = Release|Any CPU
		{99BAEC3A-3F4A-48E8-B1CF-1553E2A4AE24}.Ad-Hoc|iPhone.Deploy.0 = Release|Any CPU
		{99BAEC3A-3F4A-48E8-B1CF-1553E2A4AE24}.Ad-Hoc|iPhoneSimulator.ActiveCfg = Release|Any CPU
		{99BAEC3A-3F4A-48E8-B1CF-1553E2A4AE24}.Ad-Hoc|iPhoneSimulator.Build.0 = Release|Any CPU
		{99BAEC3A-3F4A-48E8-B1CF-1553E2A4AE24}.Ad-Hoc|iPhoneSimulator.Deploy.0 = Release|Any CPU
		{99BAEC3A-3F4A-48E8-B1CF-1553E2A4AE24}.Ad-Hoc|x64.ActiveCfg = Release|Any CPU
		{99BAEC3A-3F4A-48E8-B1CF-1553E2A4AE24}.Ad-Hoc|x64.Build.0 = Release|Any CPU
		{99BAEC3A-3F4A-48E8-B1CF-1553E2A4AE24}.Ad-Hoc|x64.Deploy.0 = Release|Any CPU
		{99BAEC3A-3F4A-48E8-B1CF-1553E2A4AE24}.Ad-Hoc|x86.ActiveCfg = Release|Any CPU
		{99BAEC3A-3F4A-48E8-B1CF-1553E2A4AE24}.Ad-Hoc|x86.Build.0 = Release|Any CPU
		{99BAEC3A-3F4A-48E8-B1CF-1553E2A4AE24}.Ad-Hoc|x86.Deploy.0 = Release|Any CPU
		{99BAEC3A-3F4A-48E8-B1CF-1553E2A4AE24}.AppStore|Any CPU.ActiveCfg = Release|Any CPU
		{99BAEC3A-3F4A-48E8-B1CF-1553E2A4AE24}.AppStore|Any CPU.Build.0 = Release|Any CPU
		{99BAEC3A-3F4A-48E8-B1CF-1553E2A4AE24}.AppStore|Any CPU.Deploy.0 = Release|Any CPU
		{99BAEC3A-3F4A-48E8-B1CF-1553E2A4AE24}.AppStore|ARM.ActiveCfg = Release|Any CPU
		{99BAEC3A-3F4A-48E8-B1CF-1553E2A4AE24}.AppStore|ARM.Build.0 = Release|Any CPU
		{99BAEC3A-3F4A-48E8-B1CF-1553E2A4AE24}.AppStore|ARM.Deploy.0 = Release|Any CPU
		{99BAEC3A-3F4A-48E8-B1CF-1553E2A4AE24}.AppStore|iPhone.ActiveCfg = Release|Any CPU
		{99BAEC3A-3F4A-48E8-B1CF-1553E2A4AE24}.AppStore|iPhone.Build.0 = Release|Any CPU
		{99BAEC3A-3F4A-48E8-B1CF-1553E2A4AE24}.AppStore|iPhone.Deploy.0 = Release|Any CPU
		{99BAEC3A-3F4A-48E8-B1CF-1553E2A4AE24}.AppStore|iPhoneSimulator.ActiveCfg = Release|Any CPU
		{99BAEC3A-3F4A-48E8-B1CF-1553E2A4AE24}.AppStore|iPhoneSimulator.Build.0 = Release|Any CPU
		{99BAEC3A-3F4A-48E8-B1CF-1553E2A4AE24}.AppStore|iPhoneSimulator.Deploy.0 = Release|Any CPU
		{99BAEC3A-3F4A-48E8-B1CF-1553E2A4AE24}.AppStore|x64.ActiveCfg = Release|Any CPU
		{99BAEC3A-3F4A-48E8-B1CF-1553E2A4AE24}.AppStore|x64.Build.0 = Release|Any CPU
		{99BAEC3A-3F4A-48E8-B1CF-1553E2A4AE24}.AppStore|x64.Deploy.0 = Release|Any CPU
		{99BAEC3A-3F4A-48E8-B1CF-1553E2A4AE24}.AppStore|x86.ActiveCfg = Release|Any CPU
		{99BAEC3A-3F4A-48E8-B1CF-1553E2A4AE24}.AppStore|x86.Build.0 = Release|Any CPU
		{99BAEC3A-3F4A-48E8-B1CF-1553E2A4AE24}.AppStore|x86.Deploy.0 = Release|Any CPU
		{99BAEC3A-3F4A-48E8-B1CF-1553E2A4AE24}.Debug|Any CPU.ActiveCfg = Debug|Any CPU
		{99BAEC3A-3F4A-48E8-B1CF-1553E2A4AE24}.Debug|Any CPU.Build.0 = Debug|Any CPU
		{99BAEC3A-3F4A-48E8-B1CF-1553E2A4AE24}.Debug|Any CPU.Deploy.0 = Debug|Any CPU
		{99BAEC3A-3F4A-48E8-B1CF-1553E2A4AE24}.Debug|ARM.ActiveCfg = Debug|Any CPU
		{99BAEC3A-3F4A-48E8-B1CF-1553E2A4AE24}.Debug|ARM.Build.0 = Debug|Any CPU
		{99BAEC3A-3F4A-48E8-B1CF-1553E2A4AE24}.Debug|ARM.Deploy.0 = Debug|Any CPU
		{99BAEC3A-3F4A-48E8-B1CF-1553E2A4AE24}.Debug|iPhone.ActiveCfg = Debug|Any CPU
		{99BAEC3A-3F4A-48E8-B1CF-1553E2A4AE24}.Debug|iPhone.Build.0 = Debug|Any CPU
		{99BAEC3A-3F4A-48E8-B1CF-1553E2A4AE24}.Debug|iPhone.Deploy.0 = Debug|Any CPU
		{99BAEC3A-3F4A-48E8-B1CF-1553E2A4AE24}.Debug|iPhoneSimulator.ActiveCfg = Debug|Any CPU
		{99BAEC3A-3F4A-48E8-B1CF-1553E2A4AE24}.Debug|iPhoneSimulator.Build.0 = Debug|Any CPU
		{99BAEC3A-3F4A-48E8-B1CF-1553E2A4AE24}.Debug|iPhoneSimulator.Deploy.0 = Debug|Any CPU
		{99BAEC3A-3F4A-48E8-B1CF-1553E2A4AE24}.Debug|x64.ActiveCfg = Debug|Any CPU
		{99BAEC3A-3F4A-48E8-B1CF-1553E2A4AE24}.Debug|x64.Build.0 = Debug|Any CPU
		{99BAEC3A-3F4A-48E8-B1CF-1553E2A4AE24}.Debug|x64.Deploy.0 = Debug|Any CPU
		{99BAEC3A-3F4A-48E8-B1CF-1553E2A4AE24}.Debug|x86.ActiveCfg = Debug|Any CPU
		{99BAEC3A-3F4A-48E8-B1CF-1553E2A4AE24}.Debug|x86.Build.0 = Debug|Any CPU
		{99BAEC3A-3F4A-48E8-B1CF-1553E2A4AE24}.Debug|x86.Deploy.0 = Debug|Any CPU
		{99BAEC3A-3F4A-48E8-B1CF-1553E2A4AE24}.Release|Any CPU.ActiveCfg = Release|Any CPU
		{99BAEC3A-3F4A-48E8-B1CF-1553E2A4AE24}.Release|Any CPU.Build.0 = Release|Any CPU
		{99BAEC3A-3F4A-48E8-B1CF-1553E2A4AE24}.Release|Any CPU.Deploy.0 = Release|Any CPU
		{99BAEC3A-3F4A-48E8-B1CF-1553E2A4AE24}.Release|ARM.ActiveCfg = Release|Any CPU
		{99BAEC3A-3F4A-48E8-B1CF-1553E2A4AE24}.Release|ARM.Build.0 = Release|Any CPU
		{99BAEC3A-3F4A-48E8-B1CF-1553E2A4AE24}.Release|ARM.Deploy.0 = Release|Any CPU
		{99BAEC3A-3F4A-48E8-B1CF-1553E2A4AE24}.Release|iPhone.ActiveCfg = Release|Any CPU
		{99BAEC3A-3F4A-48E8-B1CF-1553E2A4AE24}.Release|iPhone.Build.0 = Release|Any CPU
		{99BAEC3A-3F4A-48E8-B1CF-1553E2A4AE24}.Release|iPhone.Deploy.0 = Release|Any CPU
		{99BAEC3A-3F4A-48E8-B1CF-1553E2A4AE24}.Release|iPhoneSimulator.ActiveCfg = Release|Any CPU
		{99BAEC3A-3F4A-48E8-B1CF-1553E2A4AE24}.Release|iPhoneSimulator.Build.0 = Release|Any CPU
		{99BAEC3A-3F4A-48E8-B1CF-1553E2A4AE24}.Release|iPhoneSimulator.Deploy.0 = Release|Any CPU
		{99BAEC3A-3F4A-48E8-B1CF-1553E2A4AE24}.Release|x64.ActiveCfg = Release|Any CPU
		{99BAEC3A-3F4A-48E8-B1CF-1553E2A4AE24}.Release|x64.Build.0 = Release|Any CPU
		{99BAEC3A-3F4A-48E8-B1CF-1553E2A4AE24}.Release|x64.Deploy.0 = Release|Any CPU
		{99BAEC3A-3F4A-48E8-B1CF-1553E2A4AE24}.Release|x86.ActiveCfg = Release|Any CPU
		{99BAEC3A-3F4A-48E8-B1CF-1553E2A4AE24}.Release|x86.Build.0 = Release|Any CPU
		{99BAEC3A-3F4A-48E8-B1CF-1553E2A4AE24}.Release|x86.Deploy.0 = Release|Any CPU
		{6F2858B9-D991-498E-B904-D65F25F6C1B3}.Ad-Hoc|Any CPU.ActiveCfg = Ad-Hoc|iPhone
		{6F2858B9-D991-498E-B904-D65F25F6C1B3}.Ad-Hoc|ARM.ActiveCfg = Ad-Hoc|iPhone
		{6F2858B9-D991-498E-B904-D65F25F6C1B3}.Ad-Hoc|iPhone.ActiveCfg = Ad-Hoc|iPhone
		{6F2858B9-D991-498E-B904-D65F25F6C1B3}.Ad-Hoc|iPhone.Build.0 = Ad-Hoc|iPhone
		{6F2858B9-D991-498E-B904-D65F25F6C1B3}.Ad-Hoc|iPhoneSimulator.ActiveCfg = Ad-Hoc|iPhoneSimulator
		{6F2858B9-D991-498E-B904-D65F25F6C1B3}.Ad-Hoc|iPhoneSimulator.Build.0 = Ad-Hoc|iPhoneSimulator
		{6F2858B9-D991-498E-B904-D65F25F6C1B3}.Ad-Hoc|x64.ActiveCfg = Ad-Hoc|iPhone
		{6F2858B9-D991-498E-B904-D65F25F6C1B3}.Ad-Hoc|x86.ActiveCfg = Ad-Hoc|iPhone
		{6F2858B9-D991-498E-B904-D65F25F6C1B3}.AppStore|Any CPU.ActiveCfg = AppStore|iPhone
		{6F2858B9-D991-498E-B904-D65F25F6C1B3}.AppStore|ARM.ActiveCfg = AppStore|iPhone
		{6F2858B9-D991-498E-B904-D65F25F6C1B3}.AppStore|iPhone.ActiveCfg = AppStore|iPhone
		{6F2858B9-D991-498E-B904-D65F25F6C1B3}.AppStore|iPhone.Build.0 = AppStore|iPhone
		{6F2858B9-D991-498E-B904-D65F25F6C1B3}.AppStore|iPhoneSimulator.ActiveCfg = AppStore|iPhoneSimulator
		{6F2858B9-D991-498E-B904-D65F25F6C1B3}.AppStore|iPhoneSimulator.Build.0 = AppStore|iPhoneSimulator
		{6F2858B9-D991-498E-B904-D65F25F6C1B3}.AppStore|x64.ActiveCfg = AppStore|iPhone
		{6F2858B9-D991-498E-B904-D65F25F6C1B3}.AppStore|x86.ActiveCfg = AppStore|iPhone
		{6F2858B9-D991-498E-B904-D65F25F6C1B3}.Debug|Any CPU.ActiveCfg = Debug|iPhone
		{6F2858B9-D991-498E-B904-D65F25F6C1B3}.Debug|ARM.ActiveCfg = Debug|iPhone
		{6F2858B9-D991-498E-B904-D65F25F6C1B3}.Debug|iPhone.ActiveCfg = Debug|iPhone
		{6F2858B9-D991-498E-B904-D65F25F6C1B3}.Debug|iPhone.Build.0 = Debug|iPhone
		{6F2858B9-D991-498E-B904-D65F25F6C1B3}.Debug|iPhoneSimulator.ActiveCfg = Debug|iPhoneSimulator
		{6F2858B9-D991-498E-B904-D65F25F6C1B3}.Debug|iPhoneSimulator.Build.0 = Debug|iPhoneSimulator
		{6F2858B9-D991-498E-B904-D65F25F6C1B3}.Debug|x64.ActiveCfg = Debug|iPhone
		{6F2858B9-D991-498E-B904-D65F25F6C1B3}.Debug|x86.ActiveCfg = Debug|iPhone
		{6F2858B9-D991-498E-B904-D65F25F6C1B3}.Release|Any CPU.ActiveCfg = Release|iPhone
		{6F2858B9-D991-498E-B904-D65F25F6C1B3}.Release|ARM.ActiveCfg = Release|iPhone
		{6F2858B9-D991-498E-B904-D65F25F6C1B3}.Release|iPhone.ActiveCfg = Release|iPhone
		{6F2858B9-D991-498E-B904-D65F25F6C1B3}.Release|iPhone.Build.0 = Release|iPhone
		{6F2858B9-D991-498E-B904-D65F25F6C1B3}.Release|iPhoneSimulator.ActiveCfg = Release|iPhoneSimulator
		{6F2858B9-D991-498E-B904-D65F25F6C1B3}.Release|iPhoneSimulator.Build.0 = Release|iPhoneSimulator
		{6F2858B9-D991-498E-B904-D65F25F6C1B3}.Release|x64.ActiveCfg = Release|iPhone
		{6F2858B9-D991-498E-B904-D65F25F6C1B3}.Release|x86.ActiveCfg = Release|iPhone
		{2E5A506C-F36B-420D-B488-F1560A6C85F4}.Ad-Hoc|Any CPU.ActiveCfg = Release|Any CPU
		{2E5A506C-F36B-420D-B488-F1560A6C85F4}.Ad-Hoc|Any CPU.Build.0 = Release|Any CPU
		{2E5A506C-F36B-420D-B488-F1560A6C85F4}.Ad-Hoc|Any CPU.Deploy.0 = Release|Any CPU
		{2E5A506C-F36B-420D-B488-F1560A6C85F4}.Ad-Hoc|ARM.ActiveCfg = Release|ARM
		{2E5A506C-F36B-420D-B488-F1560A6C85F4}.Ad-Hoc|ARM.Build.0 = Release|ARM
		{2E5A506C-F36B-420D-B488-F1560A6C85F4}.Ad-Hoc|ARM.Deploy.0 = Release|ARM
		{2E5A506C-F36B-420D-B488-F1560A6C85F4}.Ad-Hoc|iPhone.ActiveCfg = Release|Any CPU
		{2E5A506C-F36B-420D-B488-F1560A6C85F4}.Ad-Hoc|iPhone.Build.0 = Release|Any CPU
		{2E5A506C-F36B-420D-B488-F1560A6C85F4}.Ad-Hoc|iPhone.Deploy.0 = Release|Any CPU
		{2E5A506C-F36B-420D-B488-F1560A6C85F4}.Ad-Hoc|iPhoneSimulator.ActiveCfg = Release|Any CPU
		{2E5A506C-F36B-420D-B488-F1560A6C85F4}.Ad-Hoc|iPhoneSimulator.Build.0 = Release|Any CPU
		{2E5A506C-F36B-420D-B488-F1560A6C85F4}.Ad-Hoc|iPhoneSimulator.Deploy.0 = Release|Any CPU
		{2E5A506C-F36B-420D-B488-F1560A6C85F4}.Ad-Hoc|x64.ActiveCfg = Release|Any CPU
		{2E5A506C-F36B-420D-B488-F1560A6C85F4}.Ad-Hoc|x64.Build.0 = Release|Any CPU
		{2E5A506C-F36B-420D-B488-F1560A6C85F4}.Ad-Hoc|x64.Deploy.0 = Release|Any CPU
		{2E5A506C-F36B-420D-B488-F1560A6C85F4}.Ad-Hoc|x86.ActiveCfg = Release|x86
		{2E5A506C-F36B-420D-B488-F1560A6C85F4}.Ad-Hoc|x86.Build.0 = Release|x86
		{2E5A506C-F36B-420D-B488-F1560A6C85F4}.Ad-Hoc|x86.Deploy.0 = Release|x86
		{2E5A506C-F36B-420D-B488-F1560A6C85F4}.AppStore|Any CPU.ActiveCfg = Release|Any CPU
		{2E5A506C-F36B-420D-B488-F1560A6C85F4}.AppStore|Any CPU.Build.0 = Release|Any CPU
		{2E5A506C-F36B-420D-B488-F1560A6C85F4}.AppStore|Any CPU.Deploy.0 = Release|Any CPU
		{2E5A506C-F36B-420D-B488-F1560A6C85F4}.AppStore|ARM.ActiveCfg = Release|ARM
		{2E5A506C-F36B-420D-B488-F1560A6C85F4}.AppStore|ARM.Build.0 = Release|ARM
		{2E5A506C-F36B-420D-B488-F1560A6C85F4}.AppStore|ARM.Deploy.0 = Release|ARM
		{2E5A506C-F36B-420D-B488-F1560A6C85F4}.AppStore|iPhone.ActiveCfg = Release|Any CPU
		{2E5A506C-F36B-420D-B488-F1560A6C85F4}.AppStore|iPhone.Build.0 = Release|Any CPU
		{2E5A506C-F36B-420D-B488-F1560A6C85F4}.AppStore|iPhone.Deploy.0 = Release|Any CPU
		{2E5A506C-F36B-420D-B488-F1560A6C85F4}.AppStore|iPhoneSimulator.ActiveCfg = Release|Any CPU
		{2E5A506C-F36B-420D-B488-F1560A6C85F4}.AppStore|iPhoneSimulator.Build.0 = Release|Any CPU
		{2E5A506C-F36B-420D-B488-F1560A6C85F4}.AppStore|iPhoneSimulator.Deploy.0 = Release|Any CPU
		{2E5A506C-F36B-420D-B488-F1560A6C85F4}.AppStore|x64.ActiveCfg = Release|Any CPU
		{2E5A506C-F36B-420D-B488-F1560A6C85F4}.AppStore|x64.Build.0 = Release|Any CPU
		{2E5A506C-F36B-420D-B488-F1560A6C85F4}.AppStore|x64.Deploy.0 = Release|Any CPU
		{2E5A506C-F36B-420D-B488-F1560A6C85F4}.AppStore|x86.ActiveCfg = Release|x86
		{2E5A506C-F36B-420D-B488-F1560A6C85F4}.AppStore|x86.Build.0 = Release|x86
		{2E5A506C-F36B-420D-B488-F1560A6C85F4}.AppStore|x86.Deploy.0 = Release|x86
		{2E5A506C-F36B-420D-B488-F1560A6C85F4}.Debug|Any CPU.ActiveCfg = Debug|Any CPU
		{2E5A506C-F36B-420D-B488-F1560A6C85F4}.Debug|Any CPU.Build.0 = Debug|Any CPU
		{2E5A506C-F36B-420D-B488-F1560A6C85F4}.Debug|Any CPU.Deploy.0 = Debug|Any CPU
		{2E5A506C-F36B-420D-B488-F1560A6C85F4}.Debug|ARM.ActiveCfg = Debug|ARM
		{2E5A506C-F36B-420D-B488-F1560A6C85F4}.Debug|ARM.Build.0 = Debug|ARM
		{2E5A506C-F36B-420D-B488-F1560A6C85F4}.Debug|ARM.Deploy.0 = Debug|ARM
		{2E5A506C-F36B-420D-B488-F1560A6C85F4}.Debug|iPhone.ActiveCfg = Debug|Any CPU
		{2E5A506C-F36B-420D-B488-F1560A6C85F4}.Debug|iPhone.Build.0 = Debug|Any CPU
		{2E5A506C-F36B-420D-B488-F1560A6C85F4}.Debug|iPhone.Deploy.0 = Debug|Any CPU
		{2E5A506C-F36B-420D-B488-F1560A6C85F4}.Debug|iPhoneSimulator.ActiveCfg = Debug|Any CPU
		{2E5A506C-F36B-420D-B488-F1560A6C85F4}.Debug|iPhoneSimulator.Build.0 = Debug|Any CPU
		{2E5A506C-F36B-420D-B488-F1560A6C85F4}.Debug|iPhoneSimulator.Deploy.0 = Debug|Any CPU
		{2E5A506C-F36B-420D-B488-F1560A6C85F4}.Debug|x64.ActiveCfg = Debug|Any CPU
		{2E5A506C-F36B-420D-B488-F1560A6C85F4}.Debug|x64.Build.0 = Debug|Any CPU
		{2E5A506C-F36B-420D-B488-F1560A6C85F4}.Debug|x64.Deploy.0 = Debug|Any CPU
		{2E5A506C-F36B-420D-B488-F1560A6C85F4}.Debug|x86.ActiveCfg = Debug|x86
		{2E5A506C-F36B-420D-B488-F1560A6C85F4}.Debug|x86.Build.0 = Debug|x86
		{2E5A506C-F36B-420D-B488-F1560A6C85F4}.Debug|x86.Deploy.0 = Debug|x86
		{2E5A506C-F36B-420D-B488-F1560A6C85F4}.Release|Any CPU.ActiveCfg = Release|Any CPU
		{2E5A506C-F36B-420D-B488-F1560A6C85F4}.Release|Any CPU.Build.0 = Release|Any CPU
		{2E5A506C-F36B-420D-B488-F1560A6C85F4}.Release|Any CPU.Deploy.0 = Release|Any CPU
		{2E5A506C-F36B-420D-B488-F1560A6C85F4}.Release|ARM.ActiveCfg = Release|ARM
		{2E5A506C-F36B-420D-B488-F1560A6C85F4}.Release|ARM.Build.0 = Release|ARM
		{2E5A506C-F36B-420D-B488-F1560A6C85F4}.Release|ARM.Deploy.0 = Release|ARM
		{2E5A506C-F36B-420D-B488-F1560A6C85F4}.Release|iPhone.ActiveCfg = Release|Any CPU
		{2E5A506C-F36B-420D-B488-F1560A6C85F4}.Release|iPhone.Build.0 = Release|Any CPU
		{2E5A506C-F36B-420D-B488-F1560A6C85F4}.Release|iPhone.Deploy.0 = Release|Any CPU
		{2E5A506C-F36B-420D-B488-F1560A6C85F4}.Release|iPhoneSimulator.ActiveCfg = Release|Any CPU
		{2E5A506C-F36B-420D-B488-F1560A6C85F4}.Release|iPhoneSimulator.Build.0 = Release|Any CPU
		{2E5A506C-F36B-420D-B488-F1560A6C85F4}.Release|iPhoneSimulator.Deploy.0 = Release|Any CPU
		{2E5A506C-F36B-420D-B488-F1560A6C85F4}.Release|x64.ActiveCfg = Release|Any CPU
		{2E5A506C-F36B-420D-B488-F1560A6C85F4}.Release|x64.Build.0 = Release|Any CPU
		{2E5A506C-F36B-420D-B488-F1560A6C85F4}.Release|x64.Deploy.0 = Release|Any CPU
		{2E5A506C-F36B-420D-B488-F1560A6C85F4}.Release|x86.ActiveCfg = Release|x86
		{2E5A506C-F36B-420D-B488-F1560A6C85F4}.Release|x86.Build.0 = Release|x86
		{2E5A506C-F36B-420D-B488-F1560A6C85F4}.Release|x86.Deploy.0 = Release|x86
		{9CF5BE27-0FB5-4054-AB24-81CC8D3743E0}.Ad-Hoc|Any CPU.ActiveCfg = Release|x86
		{9CF5BE27-0FB5-4054-AB24-81CC8D3743E0}.Ad-Hoc|Any CPU.Build.0 = Release|x86
		{9CF5BE27-0FB5-4054-AB24-81CC8D3743E0}.Ad-Hoc|Any CPU.Deploy.0 = Release|x86
		{9CF5BE27-0FB5-4054-AB24-81CC8D3743E0}.Ad-Hoc|ARM.ActiveCfg = Release|ARM
		{9CF5BE27-0FB5-4054-AB24-81CC8D3743E0}.Ad-Hoc|ARM.Build.0 = Release|ARM
		{9CF5BE27-0FB5-4054-AB24-81CC8D3743E0}.Ad-Hoc|ARM.Deploy.0 = Release|ARM
		{9CF5BE27-0FB5-4054-AB24-81CC8D3743E0}.Ad-Hoc|iPhone.ActiveCfg = Release|x86
		{9CF5BE27-0FB5-4054-AB24-81CC8D3743E0}.Ad-Hoc|iPhone.Build.0 = Release|x86
		{9CF5BE27-0FB5-4054-AB24-81CC8D3743E0}.Ad-Hoc|iPhone.Deploy.0 = Release|x86
		{9CF5BE27-0FB5-4054-AB24-81CC8D3743E0}.Ad-Hoc|iPhoneSimulator.ActiveCfg = Release|x86
		{9CF5BE27-0FB5-4054-AB24-81CC8D3743E0}.Ad-Hoc|iPhoneSimulator.Build.0 = Release|x86
		{9CF5BE27-0FB5-4054-AB24-81CC8D3743E0}.Ad-Hoc|iPhoneSimulator.Deploy.0 = Release|x86
		{9CF5BE27-0FB5-4054-AB24-81CC8D3743E0}.Ad-Hoc|x64.ActiveCfg = Release|x64
		{9CF5BE27-0FB5-4054-AB24-81CC8D3743E0}.Ad-Hoc|x64.Build.0 = Release|x64
		{9CF5BE27-0FB5-4054-AB24-81CC8D3743E0}.Ad-Hoc|x64.Deploy.0 = Release|x64
		{9CF5BE27-0FB5-4054-AB24-81CC8D3743E0}.Ad-Hoc|x86.ActiveCfg = Release|x86
		{9CF5BE27-0FB5-4054-AB24-81CC8D3743E0}.Ad-Hoc|x86.Build.0 = Release|x86
		{9CF5BE27-0FB5-4054-AB24-81CC8D3743E0}.Ad-Hoc|x86.Deploy.0 = Release|x86
		{9CF5BE27-0FB5-4054-AB24-81CC8D3743E0}.AppStore|Any CPU.ActiveCfg = Release|x86
		{9CF5BE27-0FB5-4054-AB24-81CC8D3743E0}.AppStore|Any CPU.Build.0 = Release|x86
		{9CF5BE27-0FB5-4054-AB24-81CC8D3743E0}.AppStore|Any CPU.Deploy.0 = Release|x86
		{9CF5BE27-0FB5-4054-AB24-81CC8D3743E0}.AppStore|ARM.ActiveCfg = Release|ARM
		{9CF5BE27-0FB5-4054-AB24-81CC8D3743E0}.AppStore|ARM.Build.0 = Release|ARM
		{9CF5BE27-0FB5-4054-AB24-81CC8D3743E0}.AppStore|ARM.Deploy.0 = Release|ARM
		{9CF5BE27-0FB5-4054-AB24-81CC8D3743E0}.AppStore|iPhone.ActiveCfg = Release|x86
		{9CF5BE27-0FB5-4054-AB24-81CC8D3743E0}.AppStore|iPhone.Build.0 = Release|x86
		{9CF5BE27-0FB5-4054-AB24-81CC8D3743E0}.AppStore|iPhone.Deploy.0 = Release|x86
		{9CF5BE27-0FB5-4054-AB24-81CC8D3743E0}.AppStore|iPhoneSimulator.ActiveCfg = Release|x86
		{9CF5BE27-0FB5-4054-AB24-81CC8D3743E0}.AppStore|iPhoneSimulator.Build.0 = Release|x86
		{9CF5BE27-0FB5-4054-AB24-81CC8D3743E0}.AppStore|iPhoneSimulator.Deploy.0 = Release|x86
		{9CF5BE27-0FB5-4054-AB24-81CC8D3743E0}.AppStore|x64.ActiveCfg = Release|x64
		{9CF5BE27-0FB5-4054-AB24-81CC8D3743E0}.AppStore|x64.Build.0 = Release|x64
		{9CF5BE27-0FB5-4054-AB24-81CC8D3743E0}.AppStore|x64.Deploy.0 = Release|x64
		{9CF5BE27-0FB5-4054-AB24-81CC8D3743E0}.AppStore|x86.ActiveCfg = Release|x86
		{9CF5BE27-0FB5-4054-AB24-81CC8D3743E0}.AppStore|x86.Build.0 = Release|x86
		{9CF5BE27-0FB5-4054-AB24-81CC8D3743E0}.AppStore|x86.Deploy.0 = Release|x86
		{9CF5BE27-0FB5-4054-AB24-81CC8D3743E0}.Debug|Any CPU.ActiveCfg = Debug|x86
		{9CF5BE27-0FB5-4054-AB24-81CC8D3743E0}.Debug|ARM.ActiveCfg = Debug|ARM
		{9CF5BE27-0FB5-4054-AB24-81CC8D3743E0}.Debug|ARM.Build.0 = Debug|ARM
		{9CF5BE27-0FB5-4054-AB24-81CC8D3743E0}.Debug|ARM.Deploy.0 = Debug|ARM
		{9CF5BE27-0FB5-4054-AB24-81CC8D3743E0}.Debug|iPhone.ActiveCfg = Debug|x86
		{9CF5BE27-0FB5-4054-AB24-81CC8D3743E0}.Debug|iPhoneSimulator.ActiveCfg = Debug|x86
		{9CF5BE27-0FB5-4054-AB24-81CC8D3743E0}.Debug|x64.ActiveCfg = Debug|x64
		{9CF5BE27-0FB5-4054-AB24-81CC8D3743E0}.Debug|x64.Build.0 = Debug|x64
		{9CF5BE27-0FB5-4054-AB24-81CC8D3743E0}.Debug|x64.Deploy.0 = Debug|x64
		{9CF5BE27-0FB5-4054-AB24-81CC8D3743E0}.Debug|x86.ActiveCfg = Debug|x86
		{9CF5BE27-0FB5-4054-AB24-81CC8D3743E0}.Debug|x86.Build.0 = Debug|x86
		{9CF5BE27-0FB5-4054-AB24-81CC8D3743E0}.Debug|x86.Deploy.0 = Debug|x86
		{9CF5BE27-0FB5-4054-AB24-81CC8D3743E0}.Release|Any CPU.ActiveCfg = Release|x86
		{9CF5BE27-0FB5-4054-AB24-81CC8D3743E0}.Release|ARM.ActiveCfg = Release|ARM
		{9CF5BE27-0FB5-4054-AB24-81CC8D3743E0}.Release|ARM.Build.0 = Release|ARM
		{9CF5BE27-0FB5-4054-AB24-81CC8D3743E0}.Release|ARM.Deploy.0 = Release|ARM
		{9CF5BE27-0FB5-4054-AB24-81CC8D3743E0}.Release|iPhone.ActiveCfg = Release|x86
		{9CF5BE27-0FB5-4054-AB24-81CC8D3743E0}.Release|iPhoneSimulator.ActiveCfg = Release|x86
		{9CF5BE27-0FB5-4054-AB24-81CC8D3743E0}.Release|x64.ActiveCfg = Release|x64
		{9CF5BE27-0FB5-4054-AB24-81CC8D3743E0}.Release|x64.Build.0 = Release|x64
		{9CF5BE27-0FB5-4054-AB24-81CC8D3743E0}.Release|x64.Deploy.0 = Release|x64
		{9CF5BE27-0FB5-4054-AB24-81CC8D3743E0}.Release|x86.ActiveCfg = Release|x86
		{9CF5BE27-0FB5-4054-AB24-81CC8D3743E0}.Release|x86.Build.0 = Release|x86
		{9CF5BE27-0FB5-4054-AB24-81CC8D3743E0}.Release|x86.Deploy.0 = Release|x86
		{839708E5-AFD5-494D-9C09-0684D88B9FAD}.Ad-Hoc|Any CPU.ActiveCfg = Release|Any CPU
		{839708E5-AFD5-494D-9C09-0684D88B9FAD}.Ad-Hoc|Any CPU.Build.0 = Release|Any CPU
		{839708E5-AFD5-494D-9C09-0684D88B9FAD}.Ad-Hoc|Any CPU.Deploy.0 = Release|Any CPU
		{839708E5-AFD5-494D-9C09-0684D88B9FAD}.Ad-Hoc|ARM.ActiveCfg = Release|ARM
		{839708E5-AFD5-494D-9C09-0684D88B9FAD}.Ad-Hoc|ARM.Build.0 = Release|ARM
		{839708E5-AFD5-494D-9C09-0684D88B9FAD}.Ad-Hoc|ARM.Deploy.0 = Release|ARM
		{839708E5-AFD5-494D-9C09-0684D88B9FAD}.Ad-Hoc|iPhone.ActiveCfg = Release|Any CPU
		{839708E5-AFD5-494D-9C09-0684D88B9FAD}.Ad-Hoc|iPhone.Build.0 = Release|Any CPU
		{839708E5-AFD5-494D-9C09-0684D88B9FAD}.Ad-Hoc|iPhone.Deploy.0 = Release|Any CPU
		{839708E5-AFD5-494D-9C09-0684D88B9FAD}.Ad-Hoc|iPhoneSimulator.ActiveCfg = Release|Any CPU
		{839708E5-AFD5-494D-9C09-0684D88B9FAD}.Ad-Hoc|iPhoneSimulator.Build.0 = Release|Any CPU
		{839708E5-AFD5-494D-9C09-0684D88B9FAD}.Ad-Hoc|iPhoneSimulator.Deploy.0 = Release|Any CPU
		{839708E5-AFD5-494D-9C09-0684D88B9FAD}.Ad-Hoc|x64.ActiveCfg = Release|x64
		{839708E5-AFD5-494D-9C09-0684D88B9FAD}.Ad-Hoc|x64.Build.0 = Release|x64
		{839708E5-AFD5-494D-9C09-0684D88B9FAD}.Ad-Hoc|x64.Deploy.0 = Release|x64
		{839708E5-AFD5-494D-9C09-0684D88B9FAD}.Ad-Hoc|x86.ActiveCfg = Release|x86
		{839708E5-AFD5-494D-9C09-0684D88B9FAD}.Ad-Hoc|x86.Build.0 = Release|x86
		{839708E5-AFD5-494D-9C09-0684D88B9FAD}.Ad-Hoc|x86.Deploy.0 = Release|x86
		{839708E5-AFD5-494D-9C09-0684D88B9FAD}.AppStore|Any CPU.ActiveCfg = Release|Any CPU
		{839708E5-AFD5-494D-9C09-0684D88B9FAD}.AppStore|Any CPU.Build.0 = Release|Any CPU
		{839708E5-AFD5-494D-9C09-0684D88B9FAD}.AppStore|Any CPU.Deploy.0 = Release|Any CPU
		{839708E5-AFD5-494D-9C09-0684D88B9FAD}.AppStore|ARM.ActiveCfg = Release|ARM
		{839708E5-AFD5-494D-9C09-0684D88B9FAD}.AppStore|ARM.Build.0 = Release|ARM
		{839708E5-AFD5-494D-9C09-0684D88B9FAD}.AppStore|ARM.Deploy.0 = Release|ARM
		{839708E5-AFD5-494D-9C09-0684D88B9FAD}.AppStore|iPhone.ActiveCfg = Release|Any CPU
		{839708E5-AFD5-494D-9C09-0684D88B9FAD}.AppStore|iPhone.Build.0 = Release|Any CPU
		{839708E5-AFD5-494D-9C09-0684D88B9FAD}.AppStore|iPhone.Deploy.0 = Release|Any CPU
		{839708E5-AFD5-494D-9C09-0684D88B9FAD}.AppStore|iPhoneSimulator.ActiveCfg = Release|Any CPU
		{839708E5-AFD5-494D-9C09-0684D88B9FAD}.AppStore|iPhoneSimulator.Build.0 = Release|Any CPU
		{839708E5-AFD5-494D-9C09-0684D88B9FAD}.AppStore|iPhoneSimulator.Deploy.0 = Release|Any CPU
		{839708E5-AFD5-494D-9C09-0684D88B9FAD}.AppStore|x64.ActiveCfg = Release|x64
		{839708E5-AFD5-494D-9C09-0684D88B9FAD}.AppStore|x64.Build.0 = Release|x64
		{839708E5-AFD5-494D-9C09-0684D88B9FAD}.AppStore|x64.Deploy.0 = Release|x64
		{839708E5-AFD5-494D-9C09-0684D88B9FAD}.AppStore|x86.ActiveCfg = Release|x86
		{839708E5-AFD5-494D-9C09-0684D88B9FAD}.AppStore|x86.Build.0 = Release|x86
		{839708E5-AFD5-494D-9C09-0684D88B9FAD}.AppStore|x86.Deploy.0 = Release|x86
		{839708E5-AFD5-494D-9C09-0684D88B9FAD}.Debug|Any CPU.ActiveCfg = Debug|Any CPU
		{839708E5-AFD5-494D-9C09-0684D88B9FAD}.Debug|Any CPU.Build.0 = Debug|Any CPU
		{839708E5-AFD5-494D-9C09-0684D88B9FAD}.Debug|Any CPU.Deploy.0 = Debug|Any CPU
		{839708E5-AFD5-494D-9C09-0684D88B9FAD}.Debug|ARM.ActiveCfg = Debug|ARM
		{839708E5-AFD5-494D-9C09-0684D88B9FAD}.Debug|ARM.Build.0 = Debug|ARM
		{839708E5-AFD5-494D-9C09-0684D88B9FAD}.Debug|ARM.Deploy.0 = Debug|ARM
		{839708E5-AFD5-494D-9C09-0684D88B9FAD}.Debug|iPhone.ActiveCfg = Debug|Any CPU
		{839708E5-AFD5-494D-9C09-0684D88B9FAD}.Debug|iPhone.Build.0 = Debug|Any CPU
		{839708E5-AFD5-494D-9C09-0684D88B9FAD}.Debug|iPhone.Deploy.0 = Debug|Any CPU
		{839708E5-AFD5-494D-9C09-0684D88B9FAD}.Debug|iPhoneSimulator.ActiveCfg = Debug|Any CPU
		{839708E5-AFD5-494D-9C09-0684D88B9FAD}.Debug|iPhoneSimulator.Build.0 = Debug|Any CPU
		{839708E5-AFD5-494D-9C09-0684D88B9FAD}.Debug|iPhoneSimulator.Deploy.0 = Debug|Any CPU
		{839708E5-AFD5-494D-9C09-0684D88B9FAD}.Debug|x64.ActiveCfg = Debug|x64
		{839708E5-AFD5-494D-9C09-0684D88B9FAD}.Debug|x64.Build.0 = Debug|x64
		{839708E5-AFD5-494D-9C09-0684D88B9FAD}.Debug|x64.Deploy.0 = Debug|x64
		{839708E5-AFD5-494D-9C09-0684D88B9FAD}.Debug|x86.ActiveCfg = Debug|x86
		{839708E5-AFD5-494D-9C09-0684D88B9FAD}.Debug|x86.Build.0 = Debug|x86
		{839708E5-AFD5-494D-9C09-0684D88B9FAD}.Debug|x86.Deploy.0 = Debug|x86
		{839708E5-AFD5-494D-9C09-0684D88B9FAD}.Release|Any CPU.ActiveCfg = Release|Any CPU
		{839708E5-AFD5-494D-9C09-0684D88B9FAD}.Release|Any CPU.Build.0 = Release|Any CPU
		{839708E5-AFD5-494D-9C09-0684D88B9FAD}.Release|Any CPU.Deploy.0 = Release|Any CPU
		{839708E5-AFD5-494D-9C09-0684D88B9FAD}.Release|ARM.ActiveCfg = Release|ARM
		{839708E5-AFD5-494D-9C09-0684D88B9FAD}.Release|ARM.Build.0 = Release|ARM
		{839708E5-AFD5-494D-9C09-0684D88B9FAD}.Release|ARM.Deploy.0 = Release|ARM
		{839708E5-AFD5-494D-9C09-0684D88B9FAD}.Release|iPhone.ActiveCfg = Release|Any CPU
		{839708E5-AFD5-494D-9C09-0684D88B9FAD}.Release|iPhone.Build.0 = Release|Any CPU
		{839708E5-AFD5-494D-9C09-0684D88B9FAD}.Release|iPhone.Deploy.0 = Release|Any CPU
		{839708E5-AFD5-494D-9C09-0684D88B9FAD}.Release|iPhoneSimulator.ActiveCfg = Release|Any CPU
		{839708E5-AFD5-494D-9C09-0684D88B9FAD}.Release|iPhoneSimulator.Build.0 = Release|Any CPU
		{839708E5-AFD5-494D-9C09-0684D88B9FAD}.Release|iPhoneSimulator.Deploy.0 = Release|Any CPU
		{839708E5-AFD5-494D-9C09-0684D88B9FAD}.Release|x64.ActiveCfg = Release|x64
		{839708E5-AFD5-494D-9C09-0684D88B9FAD}.Release|x64.Build.0 = Release|x64
		{839708E5-AFD5-494D-9C09-0684D88B9FAD}.Release|x64.Deploy.0 = Release|x64
		{839708E5-AFD5-494D-9C09-0684D88B9FAD}.Release|x86.ActiveCfg = Release|x86
		{839708E5-AFD5-494D-9C09-0684D88B9FAD}.Release|x86.Build.0 = Release|x86
		{839708E5-AFD5-494D-9C09-0684D88B9FAD}.Release|x86.Deploy.0 = Release|x86
	EndGlobalSection
	GlobalSection(SolutionProperties) = preSolution
		HideSolutionNode = FALSE
	EndGlobalSection
EndGlobal
